lockVersion: 2.0.0
id: ae7c3584-be59-4f2d-b368-1c23ba537874
management:
  docChecksum: 45cc660070694263054be5a09292e372
  docVersion: 2.0.0
  speakeasyVersion: 1.796.3
  generationVersion: 2.934.1
  releaseVersion: 2.0.1
  configChecksum: 753565cca1fef435e0f6733f1af2e5f1
  repoURL: https://github.com/Bot-Shield/botshield-sdk-typescript.git
  installationURL: https://github.com/Bot-Shield/botshield-sdk-typescript
  published: true
persistentEdits:
  generation_id: f5cf9eda-ac76-4ff6-bced-83ff99bd1b82
  pristine_commit_hash: 8b0434918f74e7a4e96b071b88276e518f325268
  pristine_tree_hash: cbcee253a4eb61a092349b198e6f03ff9f6a7aa3
features:
  typescript:
    additionalDependencies: 0.1.0
    constsAndDefaults: 0.1.14
    core: 3.31.6
    defaultEnabledRetries: 0.1.0
    deprecations: 2.81.1
    enumUnions: 0.1.0
    envVarSecurityUsage: 0.1.2
    globalSecurity: 2.82.16
    globalSecurityCallbacks: 0.1.0
    globalServerURLs: 2.83.1
    groups: 2.81.3
    mcpServer: 0.9.4
    methodArguments: 0.1.2
    methodSecurity: 2.82.8
    nameOverrides: 2.81.4
    nullables: 0.1.1
    responseFormat: 0.3.0
    retries: 2.83.1
    sdkHooks: 0.4.0
trackedFiles:
  .gitattributes:
    id: 24139dae6567
    last_write_checksum: sha1:26d16d8297b104945139da8c25bd38feeaad3e25
    pristine_git_object: 113eead5093c17d43a46159132885318f281a68a
  .npmignore:
    id: aa70c1f807c3
    last_write_checksum: sha1:6572da81f2e7a978ec29c22c2210bf461c5897b2
    pristine_git_object: 670ac0a62d7e568c9d44a14f5deafb8442a255d8
  .oxlintrc.json:
    id: 8b9b571b1983
    last_write_checksum: sha1:f14bd09c455fa2de0d94641369b7888d23ee62f2
    pristine_git_object: 6ee2921010070a544e252596defc55d501e1c1ae
  FUNCTIONS.md:
    id: 21b9df02aaeb
    last_write_checksum: sha1:36c1057a88af7a969a8ceed51d6a3e9120a8dfa4
    pristine_git_object: be9e53cf28e97d0868e37555f0c39139fec4a9aa
  RUNTIMES.md:
    id: 620c490847b6
    last_write_checksum: sha1:e45b854f02c357cbcfdb8c3663000e8339e16505
    pristine_git_object: 27731c3b5ace66bedc454ed5acbe15075aacd3dc
  USAGE.md:
    id: 3aed33ce6e6f
    last_write_checksum: sha1:1ab57726ab4d31a231e53a555707b3f31339855e
    pristine_git_object: 0f97c02f4cb9a47378ce357f0a94c525846e7139
  docs/lib/utils/retryconfig.md:
    id: 0ce9707cb848
    last_write_checksum: sha1:bc4454e196fcd219f5a78da690375a884f5ed07b
    pristine_git_object: 08f95f4552349360b2c0b01802aa71ec3a55d2c2
  docs/models/error-body.md:
    id: d05ab754838d
    last_write_checksum: sha1:f167f1bc09f0982574e0bc6f6f7b1a677c5a70b3
    pristine_git_object: c7fcaaeb016ee0086abbad8460585147f82370d6
  docs/models/error-response-error.md:
    id: 31e67aaaf2e6
    last_write_checksum: sha1:17269e27a1920756b2cb53f12f43cb3b24ec98bc
    pristine_git_object: f16779cd2591cd2b38294063403582dae7088f1b
  docs/models/errors/error-response.md:
    id: 42d2f6b1c814
    last_write_checksum: sha1:5a056c6fc1f0c158829096d20af96967dd2357ef
    pristine_git_object: bab35d0343925324b3e67ed57d71b4206592bcbf
  docs/models/errors/invalid-input-error.md:
    id: bcc10b5521d0
    last_write_checksum: sha1:54edbd60a429f81aef59908601166b8216109212
    pristine_git_object: 659f8161820080cd6673f08d27964055deb2b203
  docs/models/invalid-input-error-error.md:
    id: 4c08dc6c815f
    last_write_checksum: sha1:e6fd716d3a9db804ee5c55439e362934f10a8f8c
    pristine_git_object: 7264593ab464e78e2e4c399ba44b5409e50008c6
  docs/models/operations/action.md:
    id: 4adfe415d164
    last_write_checksum: sha1:4be4a6c9960c4e5bfaeed10417347cfb1b156418
    pristine_git_object: 5673e80bb67a045d7baf0df8b94986ec4892db65
  docs/models/operations/actions-cancel-data-data.md:
    id: 635ddd3267a1
    last_write_checksum: sha1:288e511f1f8d30a0768f350d38eacf3390251cda
    pristine_git_object: ee1b0df2db3beb5b73c57883f830edb599c0b25a
  docs/models/operations/actions-cancel-data.md:
    id: cb1a6a4ef7ce
    last_write_checksum: sha1:44a17a457bc54d9e8c8a42920961cfabf23745c7
    pristine_git_object: 1e379eb169de6d3d8bd12a50f0645cb45393bfaa
  docs/models/operations/actions-cancel-request.md:
    id: 4346e662b99e
    last_write_checksum: sha1:e0ceb5cf52048e946f32dd7bf70a84be47d90460
    pristine_git_object: 5f2ace562ddc86eb0d33e8e0ac0634e153e4f19c
  docs/models/operations/actions-cancel-response.md:
    id: 86a4f31bef66
    last_write_checksum: sha1:216ec7b543a194d8e6fa1a6d7f0a870d32b9ba22
    pristine_git_object: 8b898801e940145561731bedf9cd5189caacab03
  docs/models/operations/actions-cancel-status.md:
    id: ddb0ce3493b0
    last_write_checksum: sha1:50bbd0b26659d08d84818c402c61662b84ae7759
    pristine_git_object: 86da45fdb881f68eacd8f6c3260a3e8f77fffa53
  docs/models/operations/actions-check-status-data-data.md:
    id: c3a5badcd2e7
    last_write_checksum: sha1:50ae30ad598757c119765e0e6b46be712657f6d9
    pristine_git_object: 96c907684e6760df82cb7f6f23688272faa97ed5
  docs/models/operations/actions-check-status-data.md:
    id: 82f375d2ea87
    last_write_checksum: sha1:bcc8e34e3324590c65e09dcc3757771b7209393d
    pristine_git_object: ef2bdc87e631fb3fa6b0c9b7e935c95fc677fb76
  docs/models/operations/actions-check-status-request.md:
    id: 75754dc1eabc
    last_write_checksum: sha1:6b24b0709332e04fddc582a0dca025976fc7d6c6
    pristine_git_object: b31011761c77d3ada95149884e19c08ae2f6a985
  docs/models/operations/actions-check-status-response.md:
    id: 0ed0c7d08203
    last_write_checksum: sha1:ea3eb8a9f08055543fd6e8dcb66ac47a8b4000f6
    pristine_git_object: 58b2140e079bef458a2cac1d5905e6be4eb455e1
  docs/models/operations/actions-check-status-status.md:
    id: 2172ebe455e8
    last_write_checksum: sha1:affe75f1c4b01599e1ec49b20c9cc96ce38d9b9c
    pristine_git_object: c0737887d38fad63c76a17228c8b5d6d932e4ac0
  docs/models/operations/actions-propose-data-data.md:
    id: 48ebcf50e5a8
    last_write_checksum: sha1:f5827a24e6bbc45cffaa3d27edf7f18ed944d16c
    pristine_git_object: dc7cedd649accca89478ec4cd47dcf4651b76fda
  docs/models/operations/actions-propose-data.md:
    id: dc24f6e99d0b
    last_write_checksum: sha1:710ea1333e373ed3e34afcae4333fc401b1a656a
    pristine_git_object: b2b06c003310c98bf18be07a24dc821e4a914ddf
  docs/models/operations/actions-propose-request.md:
    id: e8a609fa656c
    last_write_checksum: sha1:8f063aebb31d7bbd83ac3be90c10a4c383d71338
    pristine_git_object: 7d07fdcef240d3c348f743fed9c8def5fa73e131
  docs/models/operations/actions-propose-response.md:
    id: ebf999e66fb9
    last_write_checksum: sha1:20dcca6b13b4117a48bfa254981bf56d4b359c10
    pristine_git_object: 731961aa2c296b0611764c17eb7e54323c78207c
  docs/models/operations/actions-propose-status.md:
    id: 63c2f738afa0
    last_write_checksum: sha1:8f59f55a065afe08f9845ed04677023dd145980e
    pristine_git_object: 2ee57c914aac1d42ca74b7e6a1b197afe109e528
  docs/models/operations/auth-mode.md:
    id: dbbc99de4f28
    last_write_checksum: sha1:dafe5427fc173b53827ea11b3a296414c0ec5ec0
    pristine_git_object: c330b795c7f1d6af53a9686beec3bcf5cc5b3117
  docs/models/operations/claims.md:
    id: 618b5047d4db
    last_write_checksum: sha1:f7f9feb738593b0aae67c6d01f3f0430c598d811
    pristine_git_object: 2dbfffb08cb926085ec3c605bf351c5262e42bbe
  docs/models/operations/integrations.md:
    id: c81024c5774d
    last_write_checksum: sha1:c9df2dc0c786c022fe7577088883123f46bab76b
    pristine_git_object: 8e73de6f03af17bbcc16f51259b07353b6ffdf26
  docs/models/operations/metadata.md:
    id: 4c22404ca93c
    last_write_checksum: sha1:9b7aa174c7431b54a95d3efe6d2089c2d3b82eb8
    pristine_git_object: 53f0d7cb820919f0e19078973f3b3b5b9d5171b3
  docs/models/operations/mode.md:
    id: 5895da0fc5be
    last_write_checksum: sha1:a86a33256640f5b22ee1851529ce081efa6eb9ab
    pristine_git_object: 98493cf226e02811bd60b2a3d0586fd093e2ab46
  docs/models/operations/reason.md:
    id: f06a2dda70b9
    last_write_checksum: sha1:a14313dacb315861f0072ce1a02280513bae4b54
    pristine_git_object: 0ff4f6fcdda38379e04f1842fd3e5c92dbfa7ed3
  docs/models/operations/sdk-create-session-data-data.md:
    id: efe76a236109
    last_write_checksum: sha1:335458bb4b7d0b8bd173b0a9fa80ca4da1bf21f9
    pristine_git_object: d4be5a1fa4dc66c31f19e9e95feae275b0cf39b6
  docs/models/operations/sdk-create-session-data.md:
    id: b3fd68faf434
    last_write_checksum: sha1:88ee4fd01aaba0a8c44462ed9d06b6e725a70df1
    pristine_git_object: 6eaa4eb9b3f326d74aefb95c3710bdedd990b047
  docs/models/operations/sdk-create-session-environment.md:
    id: 69e11fc2c5b0
    last_write_checksum: sha1:0b6a78d2378ee674e08e57916ff74416b4d492d9
    pristine_git_object: 9179cb813e5b3768554f78d941fac1df0589b726
  docs/models/operations/sdk-create-session-organization.md:
    id: b8b9ea5d14b4
    last_write_checksum: sha1:21031a0c4218ed6ca6c77708c21d2158a9188522
    pristine_git_object: a27b2a3a3d450c786c8958be860024ef3265e9b3
  docs/models/operations/sdk-create-session-request.md:
    id: 1e9fadd15c71
    last_write_checksum: sha1:77961fc7660c97e5ccbd0fab240e3dba617cb6d9
    pristine_git_object: 4f09075a32750ec6e11d7090a8368d1450a95c76
  docs/models/operations/sdk-create-session-response.md:
    id: 1fc25637e90d
    last_write_checksum: sha1:143f0842fbd10b55cc0473cd5318a99b6faa74ff
    pristine_git_object: 976a8c18720e8681315f8b7c0673c80faedde5cb
  docs/models/operations/sdk-create-session-security.md:
    id: 2a2e95f0d39b
    last_write_checksum: sha1:d0e36c990b64a70d69a3c5fd831c4b9cbeebe0bc
    pristine_git_object: 2b5cc57c0a9f8475bf38e72e9c857bd90dad6790
  docs/models/operations/sdk-create-verification-link-data-data.md:
    id: d58233071c70
    last_write_checksum: sha1:ef5dec066b5e697d59be8b0ad8815e2da2496947
    pristine_git_object: fcb6b695e3b72b6309764a9ebc47d4cabd1476a1
  docs/models/operations/sdk-create-verification-link-data.md:
    id: 96206ead5e00
    last_write_checksum: sha1:7143f6928d4b048847e91a08d0085cea2413aa68
    pristine_git_object: aa13fc82a39a933d8542c6ca2dda18b1a02127cf
  docs/models/operations/sdk-create-verification-link-organization.md:
    id: e608b5325583
    last_write_checksum: sha1:c2daa68b1c90f85c9d00de363792d9782afa9356
    pristine_git_object: 174db806732e5187018dda117d87a72ea606adbf
  docs/models/operations/sdk-create-verification-link-request.md:
    id: 32351d1d9cfc
    last_write_checksum: sha1:27896449c74b4c1e8167e747be7dd3f64c0ab3cd
    pristine_git_object: 95e16730b1abbf5329a2f5959300334bc053599d
  docs/models/operations/sdk-create-verification-link-response.md:
    id: 94e2e8fb77e0
    last_write_checksum: sha1:5253ce263ad0804cd8529a53d3e94010defabe00
    pristine_git_object: 812aa71ce7a887684c2237063e70477ab646247b
  docs/models/operations/sdk-create-verification-link-sdk-type-response.md:
    id: c2e8ea10ec51
    last_write_checksum: sha1:f57317e4cb3ebedeac342eb81148300099c80b77
    pristine_git_object: 2ccf201749f6358e61d54f04cd61609bcf3ceaaa
  docs/models/operations/sdk-create-verification-link-security.md:
    id: 55f10a20cbc9
    last_write_checksum: sha1:0c31b87d51e62c7db5900de6688294b0ede3a81d
    pristine_git_object: 674deb28d5dcd561e4352139edccd69aced5ec70
  docs/models/operations/sdk-get-partner-config-data-data.md:
    id: 0996b4d0a42c
    last_write_checksum: sha1:bc3797de856fd7512576027a42fc4778a5b5f6bf
    pristine_git_object: a3f0de3635693adea9f2ae381f756898f7240885
  docs/models/operations/sdk-get-partner-config-data.md:
    id: e2fe9b43e34e
    last_write_checksum: sha1:6928acd09db0f83c8e0b20eba4542ae0d5688574
    pristine_git_object: 8643e0e3a51d21f6cc75d8e00ddb95d894428789
  docs/models/operations/sdk-get-partner-config-environment.md:
    id: 013e7a4df7b7
    last_write_checksum: sha1:16b48cbe04d0b93b98ea5297ae1eb82e37d8857b
    pristine_git_object: 50606d90003160ecde2062a8e9668b36e26830be
  docs/models/operations/sdk-get-partner-config-request.md:
    id: ae32fc9bdea7
    last_write_checksum: sha1:0204aecf6c40891079146aead64000916799be3c
    pristine_git_object: f66be25a9af57a203aceb0fb5b50159006813037
  docs/models/operations/sdk-get-partner-config-response.md:
    id: 69eda566f027
    last_write_checksum: sha1:31dc199a732039b2e0f58b28242119e03ba315e3
    pristine_git_object: e50607373f96c111c93e55f49ff5423f87555a6f
  docs/models/operations/sdk-get-partner-config-security.md:
    id: a47c4d214275
    last_write_checksum: sha1:f8b9ee8b5aa50b814b96de36f5689a8653d89d92
    pristine_git_object: 7574e869deea6046c05417d9269a0ba6b0dae310
  docs/models/operations/sdk-logout-data.md:
    id: 17bbbe970018
    last_write_checksum: sha1:deb94abbc432cf32c4bbb3910ed8c5fc8234a71f
    pristine_git_object: b13b61d3a95e1e9389dc5d56d9f4da43a8b13124
  docs/models/operations/sdk-logout-request.md:
    id: 119054db700a
    last_write_checksum: sha1:629cfcfc09aacbcf85113e5622251a2a4fca4f55
    pristine_git_object: 8ec31e6c017c29465ea027ba5a7211d2ba973cd1
  docs/models/operations/sdk-logout-response.md:
    id: 6ce563a86dc8
    last_write_checksum: sha1:453814c99fc491911c012b56f3cdf7c773496de3
    pristine_git_object: 8452ef2971eb44b7fd3b4ded8c647bca4f826033
  docs/models/operations/sdk-logout-security.md:
    id: 8d44e4723620
    last_write_checksum: sha1:66b20d847d0f6546caaa379558d823c6e9e79f8b
    pristine_git_object: d3b0da6bf35c5fb03c0b2249ce4c48d4673823d3
  docs/models/operations/sdk-revoke-verification-data-data.md:
    id: 9f479754457c
    last_write_checksum: sha1:76515d595d9e0f299b7d653819b1364cf5190caa
    pristine_git_object: 3e238be6a77c43df7f86806392d5dd12164e5b74
  docs/models/operations/sdk-revoke-verification-data.md:
    id: aea2b2eff215
    last_write_checksum: sha1:a18c8c172f3945e1024819f0ae10eced396a547a
    pristine_git_object: 98c4b2700bcc9a0969624043e172ac347c77573c
  docs/models/operations/sdk-revoke-verification-request.md:
    id: 06f2faadf39c
    last_write_checksum: sha1:0d55d7d135b60687780bd012dfb459a31e82efa8
    pristine_git_object: f84108c58e276fd8d8a120ce59eb438244d973f8
  docs/models/operations/sdk-revoke-verification-response.md:
    id: 023c044b2486
    last_write_checksum: sha1:34d51fb0b0ec35cac17c40b225ec4c8ce13efb00
    pristine_git_object: 2fe8790af03210e1b886fb8fbbc8e64cc2cca9c9
  docs/models/operations/sdk-revoke-verification-security.md:
    id: aea055248410
    last_write_checksum: sha1:a3c1f84bb8c1bcd6d6112fa9015e798413f676ad
    pristine_git_object: 1c547d538070fd328efb5205993be6c072a0a14b
  docs/models/operations/sdk-store-signal-data-data.md:
    id: 4f2dce24411a
    last_write_checksum: sha1:ade9fdcc2e2efe53b24101614b0ee00a1edd9e50
    pristine_git_object: c87a854bc84a87b340c839e24aacf109f544e77b
  docs/models/operations/sdk-store-signal-data.md:
    id: c93cace89aba
    last_write_checksum: sha1:2117db46945a95646fab48eba9fc5f1baf0995a7
    pristine_git_object: 9d21e861ac18182177ba650c7624648ba7df72ca
  docs/models/operations/sdk-store-signal-request.md:
    id: 0a141134c3ff
    last_write_checksum: sha1:1116a419c82a7a2be063236d0f4859aa1cf518d9
    pristine_git_object: 5ed5bded392d974b0a5a511ea79a46b4f9776804
  docs/models/operations/sdk-store-signal-response.md:
    id: 6ef3a48df4d2
    last_write_checksum: sha1:a59c9c83a4730386d035c5abfbb811f3fb6114af
    pristine_git_object: 7ec2c3d8fddebe40e06f9acd4ac4218d618f3c5f
  docs/models/operations/sdk-type-request.md:
    id: dc87c17e584c
    last_write_checksum: sha1:e05adc97ee4cd8d0f88b899d94b9327b3beeaed2
    pristine_git_object: 7fb925aea12630914baeaf6cd13dd5cc51140bf8
  docs/models/operations/sdk-validate-signal-data-data.md:
    id: 9acd279c6f53
    last_write_checksum: sha1:c31f0d15d0f317ea0ec845d2eeb598a9b298c893
    pristine_git_object: 98a5414e482bb78fb7f1c345833f23b732387083
  docs/models/operations/sdk-validate-signal-data.md:
    id: d6f4e3a9d69a
    last_write_checksum: sha1:a8a155ca5477d0a231ed2beec87e614109b39a9b
    pristine_git_object: 92213adc3af7e7342d50bf6fec4d335741c1eef4
  docs/models/operations/sdk-validate-signal-request.md:
    id: dd2a61f76379
    last_write_checksum: sha1:8217be02161d93e86c6f8613a4c62a7874ef8cf9
    pristine_git_object: bc0b7ea38b5efffaa1123c18d77a41cf15e3692e
  docs/models/operations/sdk-validate-signal-response.md:
    id: f78b6a2a1bfd
    last_write_checksum: sha1:f54b2ac06b32c319053ec00dce121336cf29a4b6
    pristine_git_object: ac924f2cffc49e53907a5667406f3386fd2a254d
  docs/models/operations/sdk-verify-token-data-data.md:
    id: 1e6886d36cd5
    last_write_checksum: sha1:f66b390d30bd09e5ff74618923548837d03d3ade
    pristine_git_object: a027de37a8f528b0c9dc91466621155205c52fb0
  docs/models/operations/sdk-verify-token-data.md:
    id: 2d497f89e298
    last_write_checksum: sha1:75f34f61721a4bca26b95f32cf98fc1d4d8f61ff
    pristine_git_object: 3fa6a25faabd950dc1f117a4d0f4a7ad12f3cbae
  docs/models/operations/sdk-verify-token-request.md:
    id: 724b5785e517
    last_write_checksum: sha1:35706044a151dfae4efd980650e1d87203444b82
    pristine_git_object: 792881b9268bbcf8c591deabd3f93eaf8a65a86d
  docs/models/operations/sdk-verify-token-response.md:
    id: f11760f8fc5d
    last_write_checksum: sha1:403798f0f4a697a4aaca81929c0eb7638043c13f
    pristine_git_object: 662ba68badb01b6b1fb6bedf888b805b4efadf35
  docs/models/operations/sdk-verify-token-security.md:
    id: 3f4e0229a22b
    last_write_checksum: sha1:733d98a775c3866acd571989169e88a785265dd8
    pristine_git_object: b541132a9dd0e0c10a163f6fbac7fe859812f2f2
  docs/models/operations/summary-detail.md:
    id: 983e1b77a1f5
    last_write_checksum: sha1:ef2ba6bb8871375048a76afb8218b24b29d4d722
    pristine_git_object: 3017cea49add0a55648e63a84598d9e93950e325
  docs/models/operations/verdict.md:
    id: dc1a508cba33
    last_write_checksum: sha1:871c16eb64c035a5168447a5999021a7b42688d1
    pristine_git_object: af84b72a975eddb5a12fd3e3935a00e20efafb62
  docs/models/operations/verification-get-status-data.md:
    id: 9a08294fd91e
    last_write_checksum: sha1:1a9382e15e5cff976057026009ff49dd3bd9b69a
    pristine_git_object: 659a2509fd19d0680862f9835881ed841cb55aea
  docs/models/operations/verification-get-status-request.md:
    id: e4339ca0df12
    last_write_checksum: sha1:62007eb2ed860c6e0f51ba41df7d3b0e9440358f
    pristine_git_object: f8c0eae7329f702aad5c1928dcec524c4a51a494
  docs/models/operations/verification-get-status-response.md:
    id: a5479ce5ed77
    last_write_checksum: sha1:46cc57133ebb3f5faf72b3d943727c5b5fb652e5
    pristine_git_object: 63579e8514d32199b47f90d8aadc66b4f4e1d8b0
  docs/models/operations/verification-get-status-sdk-type.md:
    id: 173ff0203429
    last_write_checksum: sha1:211018f59b6c470054b0461a7b8e5955cd0045cf
    pristine_git_object: d77bde42252f1ed1582507450364789299679554
  docs/models/operations/verification-get-status-security.md:
    id: d9e3d87caa0f
    last_write_checksum: sha1:b8cac8c3027b56ae1abb682846540b0a99524908
    pristine_git_object: 5e216896c793e435bf255d021251ed50f3cc3a34
  docs/models/operations/verification-get-status-status.md:
    id: 733c6f94ba88
    last_write_checksum: sha1:209e5483693d4a8e11b8e42b9cf8c5e8ff1a9bc8
    pristine_git_object: 15248ab13bb42fbea726fe7e6c8868cad7ab5b3a
  docs/models/security.md:
    id: 452e4d4eb67a
    last_write_checksum: sha1:7122b01ef9b79fbd04c93309f0184609480ea0e6
    pristine_git_object: 08c77e6cf4494e76d5b604be772e8613ac14d9a2
  docs/models/violation.md:
    id: 975ae3ccd33b
    last_write_checksum: sha1:f3ffb9d57513b3ade68e4f731db9f0c3ddf1e5c8
    pristine_git_object: 0730bf233f27817d1af6d1409e3e448bd9305fc2
  docs/sdks/actions/README.md:
    id: e229cf99e666
    last_write_checksum: sha1:b43fee3b36bc79b9098c14ae925efbdd16bd7f99
    pristine_git_object: 4845c96eda62fb5df875b63d8b8b9642c4958ed7
  docs/sdks/census/README.md:
    id: 9da69f9cb186
    last_write_checksum: sha1:5f849cd5d78e72f83be437848c8c3fd8f77024a7
    pristine_git_object: 869db4a3cde367e8d589c823e77f289471a83fd9
  docs/sdks/verification/README.md:
    id: 8148670b64d3
    last_write_checksum: sha1:efadc64b2c3d98106b2dcb7f45cf925e0f497b97
    pristine_git_object: 2735b64e1bb3bbce2bf5632bc001398c31cdc9c7
  examples/.env.template:
    id: 52cbe5afed92
    last_write_checksum: sha1:d93b76730093a7b8ca702cf4e6560b455a308265
    pristine_git_object: cb2c265e7836e2448ffbfb928b825eb5921af868
  examples/README.md:
    id: 9d0f69d6e677
    last_write_checksum: sha1:a150b09a088e5fa14217f0128df135a8b67099b8
    pristine_git_object: 3ffe5327f590cfa44b55678b5cc8fe8ffa93917d
  examples/censusCreateSession.example.ts:
    id: 34a0fd73eb31
    last_write_checksum: sha1:7830673681a9e03819f573def4a47e809a6b8eee
    pristine_git_object: 2c172961be6bca993253434ef25ea871cfeff892
  examples/package.json:
    id: c1d7b0ec8e7e
    last_write_checksum: sha1:f0add86896bd5e3d679027e935ef0f08f94cc6cb
    pristine_git_object: c994e1b7a211f7d61786057362363c2bd7fc7524
  jsr.json:
    id: 7f6ab7767282
    last_write_checksum: sha1:5760eabb98bb1ba0509d320c21c2ce8e9919a7b9
    pristine_git_object: 5ae2b869ff1012100870cb79271f924c9ba843f2
  package.json:
    id: 7030d0b2f71b
    last_write_checksum: sha1:c3b169c00f647db3c48157af8266cb04684b8773
    pristine_git_object: fba288a1b47511c5eee87fb2358ab519c2b68f60
  src/core.ts:
    id: f431fdbcd144
    last_write_checksum: sha1:ce588b3eca5e3671b3e86450f6750c27004e83be
    pristine_git_object: cf5b30e0e8f6b0290485de7cba9ed44c000c38f6
  src/funcs/actions-cancel-action.ts:
    id: 281ee0301248
    last_write_checksum: sha1:46328542ce5086f71bac8ce4932207f085c0c8cc
    pristine_git_object: b5bd8bb95b03c452f9cb7f6b76e648f78a78229e
  src/funcs/actions-check-action-status.ts:
    id: 4d688480e5d0
    last_write_checksum: sha1:1830f8a4caa665792e8340cb9359bb744fc5a710
    pristine_git_object: d1bb4ea48657d49f61c8663c7aec4ccaad18c192
  src/funcs/actions-propose-action.ts:
    id: bbf2fa6c9d6b
    last_write_checksum: sha1:75ef13c5288fe599ae8f7c7db9aa83f31394d3df
    pristine_git_object: c61f7cbda7fef9ee17115fcb11bd0e390f27756b
  src/funcs/census-create-session.ts:
    id: 0c52edb8c48f
    last_write_checksum: sha1:bd015277835c2cd397a906ed54e602dbdd5aad2a
    pristine_git_object: 6a84d1f9fd19c569904203a1e3476abdc61b21c0
  src/funcs/census-create-verification-link.ts:
    id: 464be9700e40
    last_write_checksum: sha1:e5b183fe40b1846ebb44415b7f34618e2e275ea6
    pristine_git_object: 5a1ce38fdf3ee2548812279ee1363f5aea372f08
  src/funcs/census-get-partner-config.ts:
    id: 750a91015d9c
    last_write_checksum: sha1:adb493d55422978e8eb5a0f24cacd3556b31a103
    pristine_git_object: 844036d170768550299e8d04fe48b81c22bf9eb6
  src/funcs/census-logout.ts:
    id: 7d0a96a2c644
    last_write_checksum: sha1:18bf704d7d11c6656f310c87cb8297b21d09908e
    pristine_git_object: 015b0412cb0c6e5a0ac9837102aee65373195b04
  src/funcs/census-revoke-verification.ts:
    id: fa95913eaa29
    last_write_checksum: sha1:4992da3c6653ccf3c6992a9b8344b39173dd57fd
    pristine_git_object: c7d06747492daf90517e60fc8ba481cec37fdf94
  src/funcs/census-store-signal.ts:
    id: 968e916d6865
    last_write_checksum: sha1:83f3082d1cbdd900a0f8474554300ab57b31ba05
    pristine_git_object: 09958253dc0539abdd9bbdea64b150bc7fc7ebc2
  src/funcs/census-validate-signal.ts:
    id: 8ba3baf2e0b3
    last_write_checksum: sha1:d5a285af59b2ffbb5335d089d70663707d411e0e
    pristine_git_object: 766d759b28993fc53f8707904a156be4eb2f4d8a
  src/funcs/census-verify-token.ts:
    id: 832bed5c41b0
    last_write_checksum: sha1:1e0ef32bcd0852b835b77f15e98131023cad3441
    pristine_git_object: 58685533b0482dfda34536d2fbc2220685c994c0
  src/funcs/verification-get-status.ts:
    id: eb7b2a30640a
    last_write_checksum: sha1:0834dd01bef837c465c1c22a4d1901f7ecb9edd5
    pristine_git_object: c14d80e588d25738cccb67848d12760d1d38bb63
  src/hooks/hooks.ts:
    id: a2463fc6f69b
    last_write_checksum: sha1:3a90d88b4c6c07247db8e5f6441a79538232394e
    pristine_git_object: 94ad0a323123b34dc638717c5d67a3c23c54d5c6
  src/hooks/index.ts:
    id: 5f2dab62b520
    last_write_checksum: sha1:1a11c073a6cd792932218e1d4ed36b8567bad8ef
    pristine_git_object: f60ec7acd76141a71d78008c5a362eb0236d8335
  src/hooks/types.ts:
    id: 2a02d86ec24f
    last_write_checksum: sha1:8e6a1813e04a0a32009cb07e9772e4166658be1b
    pristine_git_object: a6aa5a25df8f60887455e4b54399fe07b7abe095
  src/index.ts:
    id: c5fb850250c7
    last_write_checksum: sha1:35c9cde3ae14b18b3f893a1afe8b6c44f8760f24
    pristine_git_object: dbcba164a0082e3bb8c43cf21fa7f8ffb9d35dfc
  src/lib/base64.ts:
    id: "598522066688"
    last_write_checksum: sha1:b0b12ddbd8625efb47c0e955a18641aeb10c6532
    pristine_git_object: 0aebd8b0a4867e35cb3348fc52921c3c0b4725b7
  src/lib/config.ts:
    id: 320761608fb3
    last_write_checksum: sha1:1df69469ac31e524e8e5962db451ae4beede4210
    pristine_git_object: 4d627dccdbafa7cf9983bb4a2927fc45d19ccef5
  src/lib/encodings.ts:
    id: 3bd8ead98afd
    last_write_checksum: sha1:4481b2a380f8a16856ef92c66fb370299f56d135
    pristine_git_object: e2bcb0da4968c2f30c226b94267ddf37ed9e627d
  src/lib/files.ts:
    id: e5efa54fcb95
    last_write_checksum: sha1:795c14026405d547bfc47012f7ad9666e530fa7f
    pristine_git_object: 6ca6b37d35a12448da176ee2517cc036db12c81c
  src/lib/http.ts:
    id: 63a80782d37e
    last_write_checksum: sha1:a56435907625a816051aa2131d60909c59f1da27
    pristine_git_object: 6b7a6cf3e281cae246708b1aca4a27730e08fe61
  src/lib/logger.ts:
    id: 7ee7741a02bf
    last_write_checksum: sha1:0ec9d3a2a34c362746b767e4f9a746c055d57a7b
    pristine_git_object: d181f2937d4128afbe9b0327e0f81d1fa9c877b7
  src/lib/matchers.ts:
    id: d54b2253b719
    last_write_checksum: sha1:c18420eabb282c6e0f36b4bc1df5b87da96e95be
    pristine_git_object: 55cfa0ae10c854ae0a920d823b5bab0dfdcd2e7f
  src/lib/primitives.ts:
    id: 74859f750b28
    last_write_checksum: sha1:fe3abb7d6b61596e346873519bcec9b2eaa61467
    pristine_git_object: 8ce65db0f7c0d6b68f5edc3ebf518121e284e954
  src/lib/retries.ts:
    id: b24a69d15639
    last_write_checksum: sha1:42c8f6cc4c875be236230a8c760f4f32d8c1ab68
    pristine_git_object: 21a647e1e9ae64817fcd63b5dd6bb5a51b63d225
  src/lib/schemas.ts:
    id: deb4b531fae1
    last_write_checksum: sha1:3418c887b8963e8ce5be86cc969ac0e0d0e48095
    pristine_git_object: 435d8c44ae3af5c8173520446ba4c8778d6456dd
  src/lib/sdks.ts:
    id: 8a6d91f1218d
    last_write_checksum: sha1:166a6ed059a9cafa516af66789ec2b1a9d45fca2
    pristine_git_object: 77312bfc37e9bdbacca85eaf12e40b480d3e419f
  src/lib/security.ts:
    id: 0502afa7922e
    last_write_checksum: sha1:39c1ce4c017750535bb32e4e19bded382e4ee975
    pristine_git_object: 2e04757486bbf8c462be122b02cecccf0b8a4d2f
  src/lib/url.ts:
    id: b0057e24ed76
    last_write_checksum: sha1:3bceadd74bf0b31adf13eb06b7531077c3e07d65
    pristine_git_object: 79e7ce660b3732053e3adcbb5a4cdeb51496e8aa
  src/mcp-server/build.mts:
    id: f7a2ed2de4d7
    last_write_checksum: sha1:1a7a5dc9ace5a5d707bd8d2339f76719e525e7eb
    pristine_git_object: a04739f2ac2154c097ea821daf364ee4c037a820
  src/mcp-server/cli.ts:
    id: 4ade0ef98b00
    last_write_checksum: sha1:7331efddde881832342fa8779d23be7445d4480c
    pristine_git_object: b878d8de9f2a0275c3cdbfdcaed48a31092e558a
  src/mcp-server/cli/start/command.ts:
    id: b3e53408ccb4
    last_write_checksum: sha1:a9b491829a7c3f57eb4526d033805844732ed365
    pristine_git_object: 3a159ad24399285884287f4806595e503427d471
  src/mcp-server/cli/start/impl.ts:
    id: 37494f674015
    last_write_checksum: sha1:6470a02315080941b352493a26afea27641e7e88
    pristine_git_object: 2c0b99e1b836e1981459b15009cc339299e8371d
  src/mcp-server/console-logger.ts:
    id: 57aff4ff2e15
    last_write_checksum: sha1:66e945860c8318f2a6bb9604a7720a979dacce4b
    pristine_git_object: d65a295b9545bee0599e46f2a75f2ab5a03c4ae4
  src/mcp-server/extensions.ts:
    id: 3d9d20ff158f
    last_write_checksum: sha1:e36e4b49b77347db80debccc2e77706b0ac7f4a4
    pristine_git_object: 0955a573c2ce989d63c737410ab8cc28706d9f74
  src/mcp-server/mcp-server.ts:
    id: aabbc4ab07c1
    last_write_checksum: sha1:c5595f93adad6f9e1fd9181196bd8ac9786c5ec2
    pristine_git_object: c260d7b08cb7142534e3dd9e552c9db922574a3c
  src/mcp-server/prompts.ts:
    id: 26f3d73cbf31
    last_write_checksum: sha1:bb2aef109f313a4ce8dc6e8b0809fa32ac17e5b1
    pristine_git_object: 3b9699792c3b745b137c09e58a022c691221ac73
  src/mcp-server/resources.ts:
    id: cb0c57ebeaea
    last_write_checksum: sha1:3d0b698fe5358f7be9b6a3127967b72971880a14
    pristine_git_object: 886a7976eae26fc84ab8ea8065585a2ae9320aa6
  src/mcp-server/scopes.ts:
    id: 8966d24256b2
    last_write_checksum: sha1:ce3931ef3e19b9b676064e15d1a168a01aef034d
    pristine_git_object: 29b2c51d676e7e9ec706614d36cc81d906e5f6d4
  src/mcp-server/server.ts:
    id: 2784dd48e82a
    last_write_checksum: sha1:6585922e144dcd97b2e36c305c8f83c800b2e7c4
    pristine_git_object: 6ebb5f4710af57bf0e0421a57596fc08f3f4bed7
  src/mcp-server/shared.ts:
    id: 074e80d4be1e
    last_write_checksum: sha1:d89576cea2bef3856b7fc3e65b868875528be042
    pristine_git_object: bef212f002cac28cb23333a5f291a4ee5ba08521
  src/mcp-server/tools.ts:
    id: 654d5d1f2062
    last_write_checksum: sha1:b737f357af3436f2a80410eda5194eb29e8660ce
    pristine_git_object: c0b53f10a9e5109d2dce74485408bd567720b245
  src/mcp-server/tools/actions-cancel-action.ts:
    id: 610ad4c77b22
    last_write_checksum: sha1:2884079b6069873ab2a4a1c7bd0bd72c8a54e5dc
    pristine_git_object: 64f919fca3229945a451970cb1d0365cae5f5a25
  src/mcp-server/tools/actions-check-action-status.ts:
    id: ead42aa9a06c
    last_write_checksum: sha1:72394c50c939e931908251fbf8b6ae55fdfe680b
    pristine_git_object: 1ba3ceff5483f2044688ab9b6e6345e4a20de8f3
  src/mcp-server/tools/actions-propose-action.ts:
    id: c5d269d64254
    last_write_checksum: sha1:c1d92dd675b6ffce9bdc19bff5b9e2b1b1dd942c
    pristine_git_object: 8c6570e3900786405d0fbfc87f929d7fc9cdd8d1
  src/models/error-body.ts:
    id: 13f8450d502a
    last_write_checksum: sha1:f199ab75c8feb0ded9e170eb4c18ec4304da3e79
    pristine_git_object: 8d230a84e1275accc05d70784ee13307bf1826e4
  src/models/error-response.ts:
    id: 0a1828112515
    last_write_checksum: sha1:72cdc25ac00fca97e3428338650ea7862e3031f1
    pristine_git_object: d5179a18c738b552eaa79bcd308c43d8d51bd551
  src/models/errors/bot-shield-default-error.ts:
    id: f714aa55d563
    last_write_checksum: sha1:d2ee458727e1b0ceb435cb4b34c79b540639e76c
    pristine_git_object: b389db31697db9f568460fcec7a82bff320a53c4
  src/models/errors/bot-shield-error.ts:
    id: d7f9b46d74f1
    last_write_checksum: sha1:8ee3a267022373e41c3072e8e6cd14d930bda123
    pristine_git_object: 241b44529c0806b27acb7dd25be2e41fce9c04eb
  src/models/errors/error-response.ts:
    id: 6459edd35024
    last_write_checksum: sha1:5747bc3d9f1a68c0f097be7e6bd8d5dda239a8d5
    pristine_git_object: 5a5d10c294b7b3475b2b273816ffc6c5ad9c16c3
  src/models/errors/http-client-errors.ts:
    id: 08390231aab8
    last_write_checksum: sha1:994ced121c54fecd0af038ccfb7855fbfd3868ec
    pristine_git_object: b34f612124c797c2a1106b9735708f679a90b74f
  src/models/errors/index.ts:
    id: c4e22507cb83
    last_write_checksum: sha1:185b47d43507757d6a38622cf915e401e444bc73
    pristine_git_object: ecb341e16dc0cbb2e4358fca964243fa7a7588ad
  src/models/errors/invalid-input-error.ts:
    id: 43704b4d53d9
    last_write_checksum: sha1:9ddf8be84011bd36ae4e907b655452dae7d44aed
    pristine_git_object: 56da7db81809ce040bad9ef8dcbe094f52749356
  src/models/errors/response-validation-error.ts:
    id: a6ce701a9571
    last_write_checksum: sha1:81efad87d8d7c5d2d5ec97e85a564c1bb1aaa613
    pristine_git_object: 67a5e1e21aabecbe9a7886602fc98237411f3cbe
  src/models/errors/sdk-validation-error.ts:
    id: 9b17e7ef247f
    last_write_checksum: sha1:a69da17627bcc32b820544608f3400423ea53f26
    pristine_git_object: 6826e1208a5d7b7d310535d18909646522bf0fbd
  src/models/index.ts:
    id: f93644b0f37e
    last_write_checksum: sha1:6619af4facb6a5f11486656a04b5ae86d63ab986
    pristine_git_object: 95c67091dec0ab1fabc08fb330bd8d357ada55a2
  src/models/invalid-input-error.ts:
    id: 23171148ec6f
    last_write_checksum: sha1:110c3d7350d03e8f49305243c01d44f19ff98033
    pristine_git_object: 9ace152f903ef802362faea026d91a88e425188e
  src/models/operations/actions-cancel.ts:
    id: d519bcce29b2
    last_write_checksum: sha1:2f2f040fa3b023456aedcfd41ea93a7c61634223
    pristine_git_object: 565b440fdbfabbc4c2125205fd35f7f24d416766
  src/models/operations/actions-check-status.ts:
    id: 39e60710ba87
    last_write_checksum: sha1:8cc9fd476c4e207f3e0fef04a7384c6ae4d7fe31
    pristine_git_object: 1a1f73db38ae4d1c3ae42ab4f0d5e099117f3ba3
  src/models/operations/actions-propose.ts:
    id: 2d3a7ad5f257
    last_write_checksum: sha1:c8fd6eeaa1ff58f574b93d3d06583f4d38564ef1
    pristine_git_object: 295449da6fbf7bd33556279907b38159575e0a9f
  src/models/operations/index.ts:
    id: 0d9ffaf774d2
    last_write_checksum: sha1:534b6c4f92feaa0b66569af9c1307f6fb251e372
    pristine_git_object: ace1b1ff6385064c44e17c371176a11d64e59813
  src/models/operations/sdk-create-session.ts:
    id: 49bde857d1a1
    last_write_checksum: sha1:13e03665f5a762ef727707f0d3c60b0efced13f9
    pristine_git_object: 1c86534692272abc52933b62d2d2636027e66399
  src/models/operations/sdk-create-verification-link.ts:
    id: 6bdc1ce9c42e
    last_write_checksum: sha1:1cc92ba8291cdfe3edd5beab784b9e68026089ff
    pristine_git_object: d7b0377b0b08525358fab7b3022b31412f4ef9fc
  src/models/operations/sdk-get-partner-config.ts:
    id: c0e4fd103d1a
    last_write_checksum: sha1:330cf436cf937f25c200fcd15a6e467585f6160d
    pristine_git_object: db5d13462bcc6285f3607ee8a337d3af5b586b4a
  src/models/operations/sdk-logout.ts:
    id: 973a281f47ad
    last_write_checksum: sha1:4ab5561e0550b21f953b9b13175ce9701b6f4ef5
    pristine_git_object: 86e1831db2e604d29f2b6ebcb3737b2083b803fc
  src/models/operations/sdk-revoke-verification.ts:
    id: 4cc2dfb866e4
    last_write_checksum: sha1:4d7e29a7a3b37b15aeb0111f6e85aec3a990185f
    pristine_git_object: 13de20c1ceab199537f2f8824c912eada3a9b2bc
  src/models/operations/sdk-store-signal.ts:
    id: 1c36b69b31b6
    last_write_checksum: sha1:acfb47c560bb7b2ad26e08fc94d1315b92db626c
    pristine_git_object: 51cdada561e05b7771330c5bda27b6d18cc8624e
  src/models/operations/sdk-validate-signal.ts:
    id: 088665bd3745
    last_write_checksum: sha1:bf536e2e52c02475660f1639d802632e34fdd6e9
    pristine_git_object: e1b5634f0751a57e307048b75c78d635eaf632c5
  src/models/operations/sdk-verify-token.ts:
    id: ed589224d8b5
    last_write_checksum: sha1:f7f07554d2601c965f32762aab2d33eb7c9e75cc
    pristine_git_object: 9971c9eabd225a352effbbbbe9014f44be980368
  src/models/operations/verification-get-status.ts:
    id: bf68012044db
    last_write_checksum: sha1:debda239b500dededd4dc5d27e94cb8a9502955f
    pristine_git_object: 58d63d6fd2807250d00ce45a598060135673bc55
  src/models/security.ts:
    id: d90c6c784ca5
    last_write_checksum: sha1:f2e16a423443f8eb4813ae0de79e619d253ba805
    pristine_git_object: 6d5a3610900c0aebe6ab6981f3b56b52b6df4395
  src/sdk/actions.ts:
    id: 8282e00fbe23
    last_write_checksum: sha1:c133619638068740f8485652e74e2c41bc4932fc
    pristine_git_object: b1d1a0b8d9f3908c168127d6ecfaae245ebcacff
  src/sdk/census.ts:
    id: ec5db9bf393a
    last_write_checksum: sha1:a61ee474582ac839a0b828724f71982c19cc16e2
    pristine_git_object: 9b40844b9addeb49a771e68584c248d702c94f8d
  src/sdk/index.ts:
    id: a857902a703f
    last_write_checksum: sha1:ed6d64f2a6135349aa8498b8d8cff9ba85c7fb8f
    pristine_git_object: ecac2264817bb369ff2dbf0f0e9029807e67ff77
  src/sdk/sdk.ts:
    id: 784571af2f69
    last_write_checksum: sha1:221a47967377ef3df445f5e22e5922af838cc19c
    pristine_git_object: b3a465e0c750f1a5cdbe4286dad37ea6e0d9747b
  src/sdk/verification.ts:
    id: 414a84063545
    last_write_checksum: sha1:699f0f8bb2c210b303d5403462059a9051da51e6
    pristine_git_object: a843b6bc14ac5586442de0651383ecda544a3f37
  src/types/async.ts:
    id: fac8da972f86
    last_write_checksum: sha1:675d04bb4b4081dc3482f18de98674f9b446e7b4
    pristine_git_object: 1543b95cf7be9b5a871d7395f259dbd65331dc21
  src/types/blobs.ts:
    id: f8ab9b326c86
    last_write_checksum: sha1:cf45d78916671cb6345a11c97c633c64402bc27c
    pristine_git_object: cce2892d4f573a120ef3907db90ab15f5979cfda
  src/types/const-date-time.ts:
    id: b3487d7170f2
    last_write_checksum: sha1:dfaaf9adfaf49808bd4c9dea0039f21b7088d9c0
    pristine_git_object: fe62144eaf6a2054fc8ca9a98466e70f41b5434d
  src/types/default-to-zero-value.ts:
    id: 6e0f763ae8c8
    last_write_checksum: sha1:2820c0bc8e71d475e79cc6b6947ca18d93f6310c
    pristine_git_object: c4cad53db08687649a55c711c4f4b3a29f7b7d24
  src/types/enums.ts:
    id: 4d03ddfe5100
    last_write_checksum: sha1:ee590453d2c87e33e89c633d37ee46907eca0e58
    pristine_git_object: aba0ffd2a3308a31e516d83b52823d80aa65a8f9
  src/types/fp.ts:
    id: ae9f0fb8aab6
    last_write_checksum: sha1:d24994d58f37a1ca106847fcc6d2e976c6f1c093
    pristine_git_object: ccbe51eac69dfb0da5131f14fd753c4b47c1d527
  src/types/index.ts:
    id: cd7a0a5ed005
    last_write_checksum: sha1:a591fec0ad2231615101ebb6a95cc4d043733a6c
    pristine_git_object: d75cb43bf5811991f96203650c264af2b4c78b41
  src/types/operations.ts:
    id: 314da01dca47
    last_write_checksum: sha1:c49e724cfb1259296381cb57bc0fcdd2eae45865
    pristine_git_object: beb81e10f0b9eee2ed398a853fe6f737b743f818
  src/types/primitives.ts:
    id: 0cd7f4ac625d
    last_write_checksum: sha1:9f374d6217aa2c2e7706d8b64f40334f2bd54f5b
    pristine_git_object: aee7713f25e24901eba4782a3b3cbbe480468efc
  src/types/rfcdate.ts:
    id: 9eb64906dcd6
    last_write_checksum: sha1:8e5f382e02fe21c2f2e24deb1b7bbf8cddd3dd16
    pristine_git_object: c79b3f53a3dd922aa2ace5a4191c8652cf9a8e89
  src/types/smart-union.ts:
    id: 2e3af2ad4ea7
    last_write_checksum: sha1:46a9ed4f1a5850e894569da8e13bf566dec3cb0b
    pristine_git_object: ef6529d45b2073dc355bb119e3b5be3110c6849c
  src/types/streams.ts:
    id: f99be9c4bf14
    last_write_checksum: sha1:cc9ced2dd34a76c3a1bd7784ccda1cc3b37ab9a9
    pristine_git_object: a0163e7a99cea88f21d0ad4ce3af1c720180ee20
  src/types/unrecognized.ts:
    id: 476605c40716
    last_write_checksum: sha1:d33ac686528492f4cdc0dbf81ed343b4afe020fe
    pristine_git_object: b7a2a13f3dff50663429df24ae2f55b647ff1084
  tsconfig.json:
    id: 61ebb9fd6e8c
    last_write_checksum: sha1:79dc1550d921fefec69f8632ed3b24dad41ca2f6
    pristine_git_object: 76110f883cac40bb04fb2f376cd69ea8c8d6d215
examples:
  SdkCreateSession:
    speakeasy-default-SDK-create-session:
      requestBody:
        application/json: {}
      responses:
        "200":
          application/json: {"data": {}}
        "400":
          application/json: {"message": "Invalid input provided", "input": {"key": "<value>", "key1": "<value>"}, "errors": []}
        "401":
          application/json: {"error": {"message": "<value>", "statusCode": 608879}}
        "500":
          application/json: {"error": {"message": "<value>", "statusCode": 608879}}
  SdkCreateVerificationLink:
    speakeasy-default-SDK-create-verification-link:
      requestBody:
        application/json: {"mode": "linked-account", "link_on_verify": true}
      responses:
        "200":
          application/json: {"data": {}}
        "400":
          application/json: {"message": "Invalid input provided", "input": {"key": "<value>", "key1": "<value>"}, "errors": [{"propertyPath": "<value>", "invalidValue": "<value>", "message": "<value>"}]}
        "401":
          application/json: {"error": {"message": "<value>", "statusCode": 483550}}
        "500":
          application/json: {"error": {"message": "<value>", "statusCode": 483550}}
  SdkVerifyToken:
    speakeasy-default-SDK-verify-token:
      requestBody:
        application/json: {"token": "<value>"}
      responses:
        "200":
          application/json: {"data": {}}
        "400":
          application/json: {"message": "Invalid input provided", "input": {"key": "<value>", "key1": "<value>", "key2": "<value>"}, "errors": [{"propertyPath": "<value>", "invalidValue": "<value>", "message": "<value>"}]}
        "500":
          application/json: {"error": {"message": "<value>", "statusCode": 334284}}
  SdkStoreSignal:
    speakeasy-default-SDK-store-signal:
      requestBody:
        application/json: {"site_key": "<value>", "score": 229498}
      responses:
        "200":
          application/json: {"data": {}}
        "400":
          application/json: {"message": "Invalid input provided", "input": {"key": "<value>", "key1": "<value>", "key2": "<value>"}, "errors": [{"propertyPath": "<value>", "invalidValue": "<value>", "message": "<value>"}]}
        "500":
          application/json: {"error": {"message": "<value>", "statusCode": 78104}}
  SdkValidateSignal:
    speakeasy-default-SDK-validate-signal:
      requestBody:
        application/json: {"signal_token": "<value>"}
      responses:
        "200":
          application/json: {"data": {}}
        "400":
          application/json: {"message": "Invalid input provided", "input": {"key": "<value>", "key1": "<value>", "key2": "<value>"}, "errors": [{"propertyPath": "<value>", "invalidValue": "<value>", "message": "<value>"}]}
        "500":
          application/json: {"error": {"message": "<value>", "statusCode": 927353}}
  SdkGetPartnerConfig:
    speakeasy-default-SDK-get-partner-config:
      parameters:
        query:
          site_key: "<value>"
      responses:
        "200":
          application/json: {"data": {}}
        "400":
          application/json: {"message": "Invalid input provided", "input": {"key": "<value>", "key1": "<value>", "key2": "<value>"}, "errors": []}
        "500":
          application/json: {"error": {"message": "<value>", "statusCode": 347400}}
  SdkRevokeVerification:
    speakeasy-default-SDK-revoke-verification:
      requestBody:
        application/json: {"scope": "<value>"}
      responses:
        "200":
          application/json: {"data": {}}
        "400":
          application/json: {"message": "Invalid input provided", "input": {}, "errors": []}
        "401":
          application/json: {"error": {"message": "<value>", "statusCode": 55880}}
        "500":
          application/json: {"error": {"message": "<value>", "statusCode": 55880}}
  SdkLogout:
    speakeasy-default-SDK-logout:
      requestBody:
        application/json: {"session_token": "<value>"}
      responses:
        "200":
          application/json: {"data": {}}
        "400":
          application/json: {"message": "Invalid input provided", "input": {"key": "<value>", "key1": "<value>"}, "errors": []}
        "401":
          application/json: {"error": {"message": "<value>", "statusCode": 315915}}
        "500":
          application/json: {"error": {"message": "<value>", "statusCode": 315915}}
  VerificationLookupUserByEmail:
    speakeasy-default-verification-lookup-user-by-email:
      parameters:
        query:
          email: "Modesto.Bartoletti@hotmail.com"
      responses:
        "200":
          application/json: {"data": {}}
        "400":
          application/json: {"message": "Invalid input provided", "input": {}, "errors": []}
        "500":
          application/json: {"error": {"message": "<value>", "statusCode": 595166}}
  VerificationGetStatus:
    speakeasy-default-verification-get-status:
      parameters:
        query:
          request_id: "<id>"
      responses:
        "200":
          application/json: {"data": {}}
        "400":
          application/json: {"message": "Invalid input provided", "input": {"key": "<value>", "key1": "<value>", "key2": "<value>"}, "errors": [{"propertyPath": "<value>", "invalidValue": "<value>", "message": "<value>"}]}
        "500":
          application/json: {"error": {"message": "<value>", "statusCode": 185970}}
  ActionsPropose:
    speakeasy-default-actions-propose:
      requestBody:
        application/json: {"request_id": "362873d8-19a4-46e6-b883-916c05dd0283", "action": {"summary_title": "<value>", "summary_detail": {"label": "TOTAL", "value": "$100.90"}, "category": "travel.book"}, "ttl_seconds": 600}
      responses:
        "200":
          application/json: {"data": {}}
        "400":
          application/json: {"message": "Invalid input provided", "input": {}, "errors": []}
        "500":
          application/json: {"error": {"message": "<value>", "statusCode": 196046}}
  ActionsCheckStatus:
    speakeasy-default-actions-check-status:
      parameters:
        query:
          request_id: "c70e5773-b2a4-4308-9fd3-dc42bdecfa67"
      responses:
        "200":
          application/json: {"data": {}}
        "404":
          application/json: {"error": {"message": "<value>", "statusCode": 809172}}
        "500":
          application/json: {"error": {"message": "<value>", "statusCode": 809172}}
        "400":
          application/json: {"message": "Invalid input provided", "input": {"key": "<value>", "key1": "<value>", "key2": "<value>"}, "errors": []}
  ActionsCancel:
    speakeasy-default-actions-cancel:
      requestBody:
        application/json: {"request_id": "12d74077-1e08-42a1-952e-3b34360158b0"}
      responses:
        "200":
          application/json: {"data": {}}
        "404":
          application/json: {"error": {"message": "<value>", "statusCode": 879744}}
        "500":
          application/json: {"error": {"message": "<value>", "statusCode": 879744}}
        "400":
          application/json: {"message": "Invalid input provided", "input": {}, "errors": []}
examplesVersion: 1.0.2
releaseNotes: |
  ## Typescript SDK Changes:
  * `botshield.census.verifyToken()`:  `request.security` **Changed**
  * `botshield.census.getPartnerConfig()`:  `request.security` **Changed**
  * `botshield.verification.getStatus()`:  `request.security` **Changed**
