lockVersion: 2.0.0
id: ae7c3584-be59-4f2d-b368-1c23ba537874
management:
  docChecksum: 3b672c00eab4ee9befe5ad87e8710d26
  docVersion: 2.0.0
  speakeasyVersion: 1.790.2
  generationVersion: 2.918.3
  releaseVersion: 1.10.1
  configChecksum: e950997bbbc3bda9ede5c98c80085296
  repoURL: https://github.com/Bot-Shield/botshield-sdk-typescript.git
  installationURL: https://github.com/Bot-Shield/botshield-sdk-typescript
  published: true
persistentEdits:
  generation_id: 84c4e9be-55b0-4b9e-99a6-09e4813e1cf1
  pristine_commit_hash: fbc82829540ad4903a67bd725f47c0153440e710
  pristine_tree_hash: ff0d62850c3e631506a8e7cc122ff970dcebee28
features:
  typescript:
    additionalDependencies: 0.1.0
    constsAndDefaults: 0.1.14
    core: 3.31.4
    defaultEnabledRetries: 0.1.0
    enumUnions: 0.1.0
    envVarSecurityUsage: 0.1.2
    globalSecurity: 2.82.16
    globalSecurityCallbacks: 0.1.0
    globalServerURLs: 2.83.1
    groups: 2.81.3
    mcpServer: 0.9.4
    methodArguments: 0.1.2
    methodSecurity: 2.82.8
    nameOverrides: 2.81.4
    responseFormat: 0.3.0
    retries: 2.83.1
    sdkHooks: 0.4.0
trackedFiles:
  .gitattributes:
    id: 24139dae6567
    last_write_checksum: sha1:26d16d8297b104945139da8c25bd38feeaad3e25
    pristine_git_object: 113eead5093c17d43a46159132885318f281a68a
  .npmignore:
    id: aa70c1f807c3
    last_write_checksum: sha1:6572da81f2e7a978ec29c22c2210bf461c5897b2
    pristine_git_object: 670ac0a62d7e568c9d44a14f5deafb8442a255d8
  .oxlintrc.json:
    id: 8b9b571b1983
    last_write_checksum: sha1:f14bd09c455fa2de0d94641369b7888d23ee62f2
    pristine_git_object: 6ee2921010070a544e252596defc55d501e1c1ae
  FUNCTIONS.md:
    id: 21b9df02aaeb
    last_write_checksum: sha1:0310ca88dc2b0cf246a999a6dbe26ab3505bd38d
    pristine_git_object: 9208163702225d24484f439af4747b4f29dd0004
  RUNTIMES.md:
    id: 620c490847b6
    last_write_checksum: sha1:e45b854f02c357cbcfdb8c3663000e8339e16505
    pristine_git_object: 27731c3b5ace66bedc454ed5acbe15075aacd3dc
  USAGE.md:
    id: 3aed33ce6e6f
    last_write_checksum: sha1:227220de42e8ebba135e70e286904a4462d9eebd
    pristine_git_object: 697107c1c991be3ab07df039d4ce2ac403cf2e79
  docs/lib/utils/retryconfig.md:
    id: 0ce9707cb848
    last_write_checksum: sha1:bc4454e196fcd219f5a78da690375a884f5ed07b
    pristine_git_object: 08f95f4552349360b2c0b01802aa71ec3a55d2c2
  docs/models/error-response-error.md:
    id: 31e67aaaf2e6
    last_write_checksum: sha1:17269e27a1920756b2cb53f12f43cb3b24ec98bc
    pristine_git_object: f16779cd2591cd2b38294063403582dae7088f1b
  docs/models/errors/error-response.md:
    id: 42d2f6b1c814
    last_write_checksum: sha1:3a0e454d5542f72bb6284d9829f3e7f8aa7c1af7
    pristine_git_object: efe3e76f6c76d14819fbb70639922cee432abe14
  docs/models/errors/invalid-input-error.md:
    id: bcc10b5521d0
    last_write_checksum: sha1:54edbd60a429f81aef59908601166b8216109212
    pristine_git_object: 659f8161820080cd6673f08d27964055deb2b203
  docs/models/invalid-input-error-error.md:
    id: 4c08dc6c815f
    last_write_checksum: sha1:e6fd716d3a9db804ee5c55439e362934f10a8f8c
    pristine_git_object: 7264593ab464e78e2e4c399ba44b5409e50008c6
  docs/models/operations/action.md:
    id: 4adfe415d164
    last_write_checksum: sha1:4c916de846b7a98e3b4e597ac38d8ec14ab6ce7e
    pristine_git_object: 4c553a1bc07fc7c13eb95770440b00877b711e4b
  docs/models/operations/actions-cancel-data.md:
    id: cb1a6a4ef7ce
    last_write_checksum: sha1:fe01149e65bb02452e9d8b0ed2c92696333b94ec
    pristine_git_object: d04a942a5d1c7b8afb8d9da64d7544185e20fc00
  docs/models/operations/actions-cancel-request.md:
    id: 4346e662b99e
    last_write_checksum: sha1:903ae1df7ac7b35d2412589d8367e0651bffbd95
    pristine_git_object: 6ff16990e38d0176cf2912caeb488ea07e30ddc2
  docs/models/operations/actions-cancel-response.md:
    id: 86a4f31bef66
    last_write_checksum: sha1:9a81f1878558e7de510aa3f15c22579612ee5590
    pristine_git_object: 969a26cc380e1b5be4963c510e3bce02397aea91
  docs/models/operations/actions-check-status-data.md:
    id: 82f375d2ea87
    last_write_checksum: sha1:a9fd513c574f5c4c5ea243f839a13fddae7cf540
    pristine_git_object: d6cd95f9d4f94f3c275effbece1de2e9d2775216
  docs/models/operations/actions-check-status-request.md:
    id: 75754dc1eabc
    last_write_checksum: sha1:c2854e74ab0f4204efb0ac1f6482d5369eb65f3a
    pristine_git_object: e22b5c28914329a17608685995126b9da27fbe91
  docs/models/operations/actions-check-status-response.md:
    id: 0ed0c7d08203
    last_write_checksum: sha1:1566439a4cd1f0b6c0d9b2c78c191c9f9de1ac0d
    pristine_git_object: b669e829ce3eb750e034631a2f4fbae2f899e4f8
  docs/models/operations/actions-check-status-status.md:
    id: 2172ebe455e8
    last_write_checksum: sha1:affe75f1c4b01599e1ec49b20c9cc96ce38d9b9c
    pristine_git_object: c0737887d38fad63c76a17228c8b5d6d932e4ac0
  docs/models/operations/actions-propose-data.md:
    id: dc24f6e99d0b
    last_write_checksum: sha1:875bb92556c49e111420fbf752d99b9ef14cd1b7
    pristine_git_object: 2848db6da4d10eb7e25a2ec7bcc185268f109a0b
  docs/models/operations/actions-propose-request.md:
    id: e8a609fa656c
    last_write_checksum: sha1:477c35139e2ea5bab83cbf848b4a1ffe10f2bb85
    pristine_git_object: 7d34785a4e25d20277c6aad528e5c0f90faf2077
  docs/models/operations/actions-propose-response.md:
    id: ebf999e66fb9
    last_write_checksum: sha1:1560b556876b735494bfe112d63dde4f92a40eee
    pristine_git_object: 1e12995f435189f8f70092f36a3bad79ea89a3b3
  docs/models/operations/actions-propose-status.md:
    id: 63c2f738afa0
    last_write_checksum: sha1:bd36f72b7984b94890dba4d4b9eececa7df3421c
    pristine_git_object: e6a03f6fb6003d1bb2a630735a81423370e77fb9
  docs/models/operations/claims.md:
    id: 618b5047d4db
    last_write_checksum: sha1:f65fdb214c38ec079ad64570e02f44f39842f757
    pristine_git_object: 5c321a36d8eed89c6cfe4ab8d6d6e1030cda375e
  docs/models/operations/data-sdk-type.md:
    id: ccbd23a0fc51
    last_write_checksum: sha1:4c202e6576010e8d4214a8e66cad9ace46fe8aa5
    pristine_git_object: 7eaab72cceaccffbd476870d57d11fdb81cf9ae8
  docs/models/operations/environment.md:
    id: 4a73e22e88a5
    last_write_checksum: sha1:666c4da81798e06ccb07ce5cfe4ebbbcbe3db6e0
    pristine_git_object: b3bdf5557627ffdbfb1227f9c8327e0bdde66152
  docs/models/operations/integrations.md:
    id: c81024c5774d
    last_write_checksum: sha1:c9df2dc0c786c022fe7577088883123f46bab76b
    pristine_git_object: 8e73de6f03af17bbcc16f51259b07353b6ffdf26
  docs/models/operations/mode.md:
    id: 5895da0fc5be
    last_write_checksum: sha1:a86a33256640f5b22ee1851529ce081efa6eb9ab
    pristine_git_object: 98493cf226e02811bd60b2a3d0586fd093e2ab46
  docs/models/operations/passkey.md:
    id: 56f387d86b8e
    last_write_checksum: sha1:22fbdebb46f396950ff6a54775e47cd84f72ab8f
    pristine_git_object: 5bc7db65d7dd603f83fb370d1189803c22cfa6ac
  docs/models/operations/sdk-create-session-data.md:
    id: b3fd68faf434
    last_write_checksum: sha1:59669f0cd1cc417f83cb8834415f3f2f811db719
    pristine_git_object: bb79d2c04f9107c9026296a22a01fb74049393a1
  docs/models/operations/sdk-create-session-organization.md:
    id: b8b9ea5d14b4
    last_write_checksum: sha1:8e300f03b4fb23e99559395745d9031713b40505
    pristine_git_object: 7656a2d58e77b2e6deb47aaea63c7bee3920d266
  docs/models/operations/sdk-create-session-request.md:
    id: 1e9fadd15c71
    last_write_checksum: sha1:77961fc7660c97e5ccbd0fab240e3dba617cb6d9
    pristine_git_object: 4f09075a32750ec6e11d7090a8368d1450a95c76
  docs/models/operations/sdk-create-session-response.md:
    id: 1fc25637e90d
    last_write_checksum: sha1:ef0f8979fa5b9ca4cc8da3b733b62063511d915d
    pristine_git_object: 7229097c3cf4b1afe092a2762c959e2d6634cec4
  docs/models/operations/sdk-create-session-security.md:
    id: 2a2e95f0d39b
    last_write_checksum: sha1:d0e36c990b64a70d69a3c5fd831c4b9cbeebe0bc
    pristine_git_object: 2b5cc57c0a9f8475bf38e72e9c857bd90dad6790
  docs/models/operations/sdk-create-verification-link-auth-mode.md:
    id: 17aedee171b1
    last_write_checksum: sha1:bbf796ed4237eaa8ff93fa2058c6f05d6f3dd6de
    pristine_git_object: 3bf1c282dedfa3aa49b42608b820b062b7d71e74
  docs/models/operations/sdk-create-verification-link-data.md:
    id: 96206ead5e00
    last_write_checksum: sha1:45880ac0636762b0dacd65fc135e6495af321514
    pristine_git_object: 95c7edefe272a5d9065d9654b293040a0cb82649
  docs/models/operations/sdk-create-verification-link-organization.md:
    id: e608b5325583
    last_write_checksum: sha1:c2daa68b1c90f85c9d00de363792d9782afa9356
    pristine_git_object: 174db806732e5187018dda117d87a72ea606adbf
  docs/models/operations/sdk-create-verification-link-request.md:
    id: 32351d1d9cfc
    last_write_checksum: sha1:ad797364d267c21ce5f4a1147b68b7d7e8ad11ff
    pristine_git_object: 131ae540723cbd0500459911a268eab9ba49d0c5
  docs/models/operations/sdk-create-verification-link-response.md:
    id: 94e2e8fb77e0
    last_write_checksum: sha1:e3f733e51067923a37a2a63c9f1670187c9105a3
    pristine_git_object: 7af23779531798253733bde840ac58fadd8024f6
  docs/models/operations/sdk-create-verification-link-security.md:
    id: 55f10a20cbc9
    last_write_checksum: sha1:0c31b87d51e62c7db5900de6688294b0ede3a81d
    pristine_git_object: 674deb28d5dcd561e4352139edccd69aced5ec70
  docs/models/operations/sdk-get-partner-config-request.md:
    id: ae32fc9bdea7
    last_write_checksum: sha1:0204aecf6c40891079146aead64000916799be3c
    pristine_git_object: f66be25a9af57a203aceb0fb5b50159006813037
  docs/models/operations/sdk-get-partner-config-response.md:
    id: 69eda566f027
    last_write_checksum: sha1:6096cb0b21e73b4e10f25aa82cb710e80116f038
    pristine_git_object: c036764ae76a7692063d187e37d5037ac2fb0a61
  docs/models/operations/sdk-get-partner-config-security.md:
    id: a47c4d214275
    last_write_checksum: sha1:42f5901e93c73c0648a8a217e58e774677c5d865
    pristine_git_object: a9166246f3949395a95ec78fb88d94b7fc94f1b7
  docs/models/operations/sdk-logout-request.md:
    id: 119054db700a
    last_write_checksum: sha1:629cfcfc09aacbcf85113e5622251a2a4fca4f55
    pristine_git_object: 8ec31e6c017c29465ea027ba5a7211d2ba973cd1
  docs/models/operations/sdk-logout-response.md:
    id: 6ce563a86dc8
    last_write_checksum: sha1:25c52427e82da3ac157bbcfa109cfee978bbf571
    pristine_git_object: 5827c5e82244c61f69846b33d2a10ab982747355
  docs/models/operations/sdk-logout-security.md:
    id: 8d44e4723620
    last_write_checksum: sha1:66b20d847d0f6546caaa379558d823c6e9e79f8b
    pristine_git_object: d3b0da6bf35c5fb03c0b2249ce4c48d4673823d3
  docs/models/operations/sdk-revoke-verification-data.md:
    id: aea2b2eff215
    last_write_checksum: sha1:0bac38fff665f6ad60becbbac87d6f4ec88cecf6
    pristine_git_object: b101946ba39f8fd15104774ef8c4b8fb87f790fd
  docs/models/operations/sdk-revoke-verification-request.md:
    id: 06f2faadf39c
    last_write_checksum: sha1:dd5dcd52d5ea467358784cd41be4abc1edabba44
    pristine_git_object: 7c02fa6630d44f5d2068845d93df8e4a88995c78
  docs/models/operations/sdk-revoke-verification-response.md:
    id: 023c044b2486
    last_write_checksum: sha1:3ddd552d08947215f055262507fd6db5cf734770
    pristine_git_object: 403badea4a2bdb166f868969a6118ded2ee2d13b
  docs/models/operations/sdk-revoke-verification-security.md:
    id: aea055248410
    last_write_checksum: sha1:a3c1f84bb8c1bcd6d6112fa9015e798413f676ad
    pristine_git_object: 1c547d538070fd328efb5205993be6c072a0a14b
  docs/models/operations/sdk-store-signal-request.md:
    id: 0a141134c3ff
    last_write_checksum: sha1:7d7a968edaa9e1775746a78a22065ea17b5e5507
    pristine_git_object: 45f3e97251acbfab5523383dc7358cb26bb04edd
  docs/models/operations/sdk-store-signal-response.md:
    id: 6ef3a48df4d2
    last_write_checksum: sha1:bbf5b79303bfe9e3ccd28491d80524a7b487a20b
    pristine_git_object: 8820feab16821c8c3d78c17edf33944fb233135e
  docs/models/operations/sdk-store-signal-security.md:
    id: 9246c97445bb
    last_write_checksum: sha1:a3d2f50a6299c296f5f3216576d6afb1b19f4dd4
    pristine_git_object: 524eca186089b113a99946aff97328e0aba33fe6
  docs/models/operations/sdk-type-request.md:
    id: dc87c17e584c
    last_write_checksum: sha1:e05adc97ee4cd8d0f88b899d94b9327b3beeaed2
    pristine_git_object: 7fb925aea12630914baeaf6cd13dd5cc51140bf8
  docs/models/operations/sdk-validate-signal-request.md:
    id: dd2a61f76379
    last_write_checksum: sha1:8217be02161d93e86c6f8613a4c62a7874ef8cf9
    pristine_git_object: bc0b7ea38b5efffaa1123c18d77a41cf15e3692e
  docs/models/operations/sdk-validate-signal-response.md:
    id: f78b6a2a1bfd
    last_write_checksum: sha1:14d702a4de3c2fe589bb87973655de96017a939d
    pristine_git_object: aa6178de6c8b4c69b75ab7b3793c270ada7f2bfd
  docs/models/operations/sdk-validate-signal-security.md:
    id: 42f89f98acda
    last_write_checksum: sha1:8780f5e6fa17eb727eb4abfd27bc9a202876e46d
    pristine_git_object: a97e861330cf7abf8a29fc6418ddc700c27065bc
  docs/models/operations/sdk-verify-token-auth-mode.md:
    id: fcd1768e8826
    last_write_checksum: sha1:07e69a295ad75250af0b7870ad25bf583bcb7c8a
    pristine_git_object: 2e3d67ee34b26e171563c5a5632f78da773c53b6
  docs/models/operations/sdk-verify-token-request.md:
    id: 724b5785e517
    last_write_checksum: sha1:2c251725dc2082e7bc14cf499505cddce6d13689
    pristine_git_object: dff647c900521fa4c773741e772d6e004b3c6f0e
  docs/models/operations/sdk-verify-token-response.md:
    id: f11760f8fc5d
    last_write_checksum: sha1:4aec4c9d43b2e4e864770be2f3103765ee9de4a6
    pristine_git_object: 525e48be928a1cfd35e36af7bb4ec8864bf71f89
  docs/models/operations/sdk-verify-token-security.md:
    id: 3f4e0229a22b
    last_write_checksum: sha1:2a311e27bc455b2c029101a1b29f7f9a1d22e2a3
    pristine_git_object: f58e7027982a04c1eb3b6bb79f83fed791674e34
  docs/models/operations/signals.md:
    id: 863a439ff690
    last_write_checksum: sha1:e3a10eb252f9e7b874e7d906107596833a35d9ff
    pristine_git_object: 43b5222ab0c51ab1f6d75b07c35b8d14b1b6ade1
  docs/models/operations/summary-detail.md:
    id: 983e1b77a1f5
    last_write_checksum: sha1:ef2ba6bb8871375048a76afb8218b24b29d4d722
    pristine_git_object: 3017cea49add0a55648e63a84598d9e93950e325
  docs/models/operations/turnstile.md:
    id: d84f3c991e2b
    last_write_checksum: sha1:e131f5e0b8edcec4a67facd9be70888b24514723
    pristine_git_object: 9d26873f59bc520bea88a53f6a1b24f3a1c2052f
  docs/models/operations/verdict.md:
    id: dc1a508cba33
    last_write_checksum: sha1:589e47b93bd53236964ab7f2efb94ea1dc9727d6
    pristine_git_object: f9a1c1f4ab46a8d5dde1f189f4e47a611e0a72e4
  docs/models/operations/verification-get-status-auth-mode.md:
    id: 262df9306583
    last_write_checksum: sha1:0c5b19888c8f854885f1d2562b16be5d0eb947f0
    pristine_git_object: 308e5ea72b22beb250577f3f2b21a3a5ec57d936
  docs/models/operations/verification-get-status-request.md:
    id: e4339ca0df12
    last_write_checksum: sha1:62007eb2ed860c6e0f51ba41df7d3b0e9440358f
    pristine_git_object: f8c0eae7329f702aad5c1928dcec524c4a51a494
  docs/models/operations/verification-get-status-response.md:
    id: a5479ce5ed77
    last_write_checksum: sha1:03ad6802219c11717cbe88c59ad82652b8b91f52
    pristine_git_object: ff2302c430ef0fe3bafd5cefbe815dd37813df9f
  docs/models/operations/verification-get-status-sdk-type.md:
    id: 173ff0203429
    last_write_checksum: sha1:211018f59b6c470054b0461a7b8e5955cd0045cf
    pristine_git_object: d77bde42252f1ed1582507450364789299679554
  docs/models/operations/verification-get-status-security.md:
    id: d9e3d87caa0f
    last_write_checksum: sha1:516be05d19be4063ad6d3562cef272f84ca7ad88
    pristine_git_object: 82122a3c285a75fc54005608669957add99ba209
  docs/models/operations/verification-get-status-status.md:
    id: 733c6f94ba88
    last_write_checksum: sha1:a177f3f2c210bf06b39238b9fa6bd8e627e17091
    pristine_git_object: a3a8f193903b1fdcf66151b5e7c66c5257411a74
  docs/models/operations/verification-lookup-user-by-email-data.md:
    id: 8f3ae89585d4
    last_write_checksum: sha1:c4391d6dad6520f87b2055652be85ae97d70cfb9
    pristine_git_object: 7825e8ec04a8a1c0a4d5cde85abe590400403de4
  docs/models/operations/verification-lookup-user-by-email-request.md:
    id: 737cef7ced61
    last_write_checksum: sha1:57398d9eb5126d16b58a906438f317c4cb37a018
    pristine_git_object: a4c36da5010eb0ac5f4d996f03f41eadf1c226bd
  docs/models/operations/verification-lookup-user-by-email-response.md:
    id: c540db1b1a78
    last_write_checksum: sha1:8af9aa679c875c01b6e6529c56a92297281fd2af
    pristine_git_object: 97f0ced07714bc3b8103c220acfe625f6a221c36
  docs/models/operations/verification-lookup-user-by-email-security.md:
    id: 62266dc19969
    last_write_checksum: sha1:501e7e79dbdeb84484e8e804dd11a9176685e6f4
    pristine_git_object: 33ac98e0a27277d8333f71a30d2fd4c3f15dd27d
  docs/models/security.md:
    id: 452e4d4eb67a
    last_write_checksum: sha1:1e9c548ed68120c45a1e88ccbc59ff95e20f7e73
    pristine_git_object: c92b6da75e5986989de5f4dbea260bd662577a72
  docs/sdks/actions/README.md:
    id: e229cf99e666
    last_write_checksum: sha1:d5c7d90e13be9204a35c0496fa1e817080fb3f2d
    pristine_git_object: 270e610fdc025b3e03765db539a763ea0c434700
  docs/sdks/sdk/README.md:
    id: 623e0731a2f1
    last_write_checksum: sha1:9e04fff9ed8da39ec74594bab1ffef2b009fceef
    pristine_git_object: c345d859e087015d0e3cfe52a5b944d35fdc53f5
  docs/sdks/verification/README.md:
    id: 8148670b64d3
    last_write_checksum: sha1:f10046c049e9f27df733dc94e4063b87c2409ecf
    pristine_git_object: e61eac53566ebdb9a778b9825635a114ad353570
  examples/.env.template:
    id: 52cbe5afed92
    last_write_checksum: sha1:d93b76730093a7b8ca702cf4e6560b455a308265
    pristine_git_object: cb2c265e7836e2448ffbfb928b825eb5921af868
  examples/README.md:
    id: 9d0f69d6e677
    last_write_checksum: sha1:a150b09a088e5fa14217f0128df135a8b67099b8
    pristine_git_object: 3ffe5327f590cfa44b55678b5cc8fe8ffa93917d
  examples/package.json:
    id: c1d7b0ec8e7e
    last_write_checksum: sha1:f0add86896bd5e3d679027e935ef0f08f94cc6cb
    pristine_git_object: c994e1b7a211f7d61786057362363c2bd7fc7524
  examples/sdkCreateSession.example.ts:
    id: a0f1a724afa0
    last_write_checksum: sha1:13fbf4f31e6d5e2208c066bb87317c2d95433e37
    pristine_git_object: 90c05eadbd9f18c319ad8178c8f7c80fcf0415d7
  jsr.json:
    id: 7f6ab7767282
    last_write_checksum: sha1:c134df90907aed2bcb02ff91875a88d48d90c974
    pristine_git_object: d6e118c8595d182d3b5392d190df956b989cb7fe
  package.json:
    id: 7030d0b2f71b
    last_write_checksum: sha1:fd44f7f3824e7a4b7c69b7a582a9658299b9711f
    pristine_git_object: 6b90aaa13640e8e32f1f89b03bc61129bc7c3302
  src/core.ts:
    id: f431fdbcd144
    last_write_checksum: sha1:ce588b3eca5e3671b3e86450f6750c27004e83be
    pristine_git_object: cf5b30e0e8f6b0290485de7cba9ed44c000c38f6
  src/funcs/actions-cancel-action.ts:
    id: 281ee0301248
    last_write_checksum: sha1:454ff5132fa92b38bfd7388a3a9e8a649564bcec
    pristine_git_object: 893fd6c8f237c392349f3705aa05898931b127c8
  src/funcs/actions-check-action-status.ts:
    id: 4d688480e5d0
    last_write_checksum: sha1:159aa46749a0128929a8da22be5f85f08fc36bf6
    pristine_git_object: 5aea898cd285ddc45082a2ac92e8188c5303ba0c
  src/funcs/actions-propose-action.ts:
    id: bbf2fa6c9d6b
    last_write_checksum: sha1:3660d0b7e6c7f102c075b5289154cbe63cb02de0
    pristine_git_object: 9e86c633f7791d09fbd26ba17f271f392bb861c8
  src/funcs/sdk-create-session.ts:
    id: 7f12159db9b7
    last_write_checksum: sha1:919b3e0432fb4a04853efb68aa502ad6c2496e91
    pristine_git_object: 33af6b772e9a6752be2f8e54a611dfe496f80410
  src/funcs/sdk-create-verification-link.ts:
    id: f97914b14ac5
    last_write_checksum: sha1:389e8cb633104c9ce324647b397d9bdc34ebd522
    pristine_git_object: d9e467a9f475ef1947ed068a3786199a11da9788
  src/funcs/sdk-get-partner-config.ts:
    id: 0dadbd28ee0e
    last_write_checksum: sha1:d08ba0a6a87d291b310fe34a6dabf4516a7ac775
    pristine_git_object: dd1935aaab6466e2b149c2954e0819c0808c0ac1
  src/funcs/sdk-logout.ts:
    id: 2ef3c655b1de
    last_write_checksum: sha1:80bb69c17b860ba0ea40e7edb9a020e849752e57
    pristine_git_object: c14d3f0a872df5487bb09a0862d47603ef140b7c
  src/funcs/sdk-revoke-verification.ts:
    id: c86bd499bd8a
    last_write_checksum: sha1:fea0ac6da651fd4c7feba819f02a7f1666dfa2f2
    pristine_git_object: db6c2ed31ff30769a37c8857f7d2a050225dac12
  src/funcs/sdk-store-signal.ts:
    id: 6fa1cfe149e4
    last_write_checksum: sha1:eb85187f467446a49668bcb1a93fbf5465ffbc91
    pristine_git_object: c4e9816c095f7269b4bc92767c51d8d2c53072aa
  src/funcs/sdk-validate-signal.ts:
    id: f2ebc56f6f20
    last_write_checksum: sha1:be7bc3e931085c94cb16794fcba936ef1b0474f3
    pristine_git_object: 48a66c60d42c355d4e94c30c3645bcf419c4584f
  src/funcs/sdk-verify-token.ts:
    id: 0f98eae5aeb3
    last_write_checksum: sha1:716ca7b8aa091be3a8360471ea68513158b552c3
    pristine_git_object: 6860d2fb1d6831cd23da09dfc080ab1002d99ee6
  src/funcs/verification-get-status.ts:
    id: eb7b2a30640a
    last_write_checksum: sha1:373e0ad43573bc370c46d94a76f7f1e5b1b812a8
    pristine_git_object: 9357524bbd3f1621320020298a34cee9b6ca791c
  src/funcs/verification-lookup-user-by-email.ts:
    id: 5bc151bd13f9
    last_write_checksum: sha1:cd7adc40ba1a3d60d3b7f45991501901d131ab26
    pristine_git_object: bb1ebad486cc89ff3b32e4ef2c3f7bc32fee049a
  src/hooks/hooks.ts:
    id: a2463fc6f69b
    last_write_checksum: sha1:3a90d88b4c6c07247db8e5f6441a79538232394e
    pristine_git_object: 94ad0a323123b34dc638717c5d67a3c23c54d5c6
  src/hooks/index.ts:
    id: 5f2dab62b520
    last_write_checksum: sha1:1a11c073a6cd792932218e1d4ed36b8567bad8ef
    pristine_git_object: f60ec7acd76141a71d78008c5a362eb0236d8335
  src/hooks/types.ts:
    id: 2a02d86ec24f
    last_write_checksum: sha1:8e6a1813e04a0a32009cb07e9772e4166658be1b
    pristine_git_object: a6aa5a25df8f60887455e4b54399fe07b7abe095
  src/index.ts:
    id: c5fb850250c7
    last_write_checksum: sha1:35c9cde3ae14b18b3f893a1afe8b6c44f8760f24
    pristine_git_object: dbcba164a0082e3bb8c43cf21fa7f8ffb9d35dfc
  src/lib/base64.ts:
    id: "598522066688"
    last_write_checksum: sha1:b0b12ddbd8625efb47c0e955a18641aeb10c6532
    pristine_git_object: 0aebd8b0a4867e35cb3348fc52921c3c0b4725b7
  src/lib/config.ts:
    id: 320761608fb3
    last_write_checksum: sha1:372da0986737cad79920e3300b43be63637541ba
    pristine_git_object: 3bc6b21d21ecfd888389d6f47194d6c1544a5819
  src/lib/encodings.ts:
    id: 3bd8ead98afd
    last_write_checksum: sha1:7533dcb79b22b8c84ac7b90aec94317d12bad5f8
    pristine_git_object: 194a5c58800befc83f6838020550f973eda549d9
  src/lib/files.ts:
    id: e5efa54fcb95
    last_write_checksum: sha1:795c14026405d547bfc47012f7ad9666e530fa7f
    pristine_git_object: 6ca6b37d35a12448da176ee2517cc036db12c81c
  src/lib/http.ts:
    id: 63a80782d37e
    last_write_checksum: sha1:a56435907625a816051aa2131d60909c59f1da27
    pristine_git_object: 6b7a6cf3e281cae246708b1aca4a27730e08fe61
  src/lib/logger.ts:
    id: 7ee7741a02bf
    last_write_checksum: sha1:0ec9d3a2a34c362746b767e4f9a746c055d57a7b
    pristine_git_object: d181f2937d4128afbe9b0327e0f81d1fa9c877b7
  src/lib/matchers.ts:
    id: d54b2253b719
    last_write_checksum: sha1:c18420eabb282c6e0f36b4bc1df5b87da96e95be
    pristine_git_object: 55cfa0ae10c854ae0a920d823b5bab0dfdcd2e7f
  src/lib/primitives.ts:
    id: 74859f750b28
    last_write_checksum: sha1:fe3abb7d6b61596e346873519bcec9b2eaa61467
    pristine_git_object: 8ce65db0f7c0d6b68f5edc3ebf518121e284e954
  src/lib/retries.ts:
    id: b24a69d15639
    last_write_checksum: sha1:42c8f6cc4c875be236230a8c760f4f32d8c1ab68
    pristine_git_object: 21a647e1e9ae64817fcd63b5dd6bb5a51b63d225
  src/lib/schemas.ts:
    id: deb4b531fae1
    last_write_checksum: sha1:3418c887b8963e8ce5be86cc969ac0e0d0e48095
    pristine_git_object: 435d8c44ae3af5c8173520446ba4c8778d6456dd
  src/lib/sdks.ts:
    id: 8a6d91f1218d
    last_write_checksum: sha1:166a6ed059a9cafa516af66789ec2b1a9d45fca2
    pristine_git_object: 77312bfc37e9bdbacca85eaf12e40b480d3e419f
  src/lib/security.ts:
    id: 0502afa7922e
    last_write_checksum: sha1:374e410d0297763cbd6d1b16847feddd54d3d078
    pristine_git_object: 766b06bf927440dfa163b2e4a966e97eca369593
  src/lib/url.ts:
    id: b0057e24ed76
    last_write_checksum: sha1:3bceadd74bf0b31adf13eb06b7531077c3e07d65
    pristine_git_object: 79e7ce660b3732053e3adcbb5a4cdeb51496e8aa
  src/mcp-server/build.mts:
    id: f7a2ed2de4d7
    last_write_checksum: sha1:1a7a5dc9ace5a5d707bd8d2339f76719e525e7eb
    pristine_git_object: a04739f2ac2154c097ea821daf364ee4c037a820
  src/mcp-server/cli.ts:
    id: 4ade0ef98b00
    last_write_checksum: sha1:7331efddde881832342fa8779d23be7445d4480c
    pristine_git_object: b878d8de9f2a0275c3cdbfdcaed48a31092e558a
  src/mcp-server/cli/start/command.ts:
    id: b3e53408ccb4
    last_write_checksum: sha1:957cca9d33b9e57588e17b749049297098ead7d5
    pristine_git_object: 1145b4638cdb239a50ca07f675d213a9dd0104d3
  src/mcp-server/cli/start/impl.ts:
    id: 37494f674015
    last_write_checksum: sha1:f53d095fe6044bc60b2da001bb6f33d69e94afa2
    pristine_git_object: 297cfdab57c97f8e13dae2a51b4bfc55db043e1c
  src/mcp-server/console-logger.ts:
    id: 57aff4ff2e15
    last_write_checksum: sha1:66e945860c8318f2a6bb9604a7720a979dacce4b
    pristine_git_object: d65a295b9545bee0599e46f2a75f2ab5a03c4ae4
  src/mcp-server/extensions.ts:
    id: 3d9d20ff158f
    last_write_checksum: sha1:e36e4b49b77347db80debccc2e77706b0ac7f4a4
    pristine_git_object: 0955a573c2ce989d63c737410ab8cc28706d9f74
  src/mcp-server/mcp-server.ts:
    id: aabbc4ab07c1
    last_write_checksum: sha1:22656a2fb4bed6691787d67ec9cd22aacbd1980c
    pristine_git_object: 3845df6e0d4ad384f1fd09e7c2611466d565d53d
  src/mcp-server/prompts.ts:
    id: 26f3d73cbf31
    last_write_checksum: sha1:bb2aef109f313a4ce8dc6e8b0809fa32ac17e5b1
    pristine_git_object: 3b9699792c3b745b137c09e58a022c691221ac73
  src/mcp-server/resources.ts:
    id: cb0c57ebeaea
    last_write_checksum: sha1:3d0b698fe5358f7be9b6a3127967b72971880a14
    pristine_git_object: 886a7976eae26fc84ab8ea8065585a2ae9320aa6
  src/mcp-server/scopes.ts:
    id: 8966d24256b2
    last_write_checksum: sha1:ce3931ef3e19b9b676064e15d1a168a01aef034d
    pristine_git_object: 29b2c51d676e7e9ec706614d36cc81d906e5f6d4
  src/mcp-server/server.ts:
    id: 2784dd48e82a
    last_write_checksum: sha1:3019fad0a338bae7247d8c4a57edd4fb10a30016
    pristine_git_object: b09c3a9d546881fa2b75f4ffc40da43fa015d634
  src/mcp-server/shared.ts:
    id: 074e80d4be1e
    last_write_checksum: sha1:d89576cea2bef3856b7fc3e65b868875528be042
    pristine_git_object: bef212f002cac28cb23333a5f291a4ee5ba08521
  src/mcp-server/tools.ts:
    id: 654d5d1f2062
    last_write_checksum: sha1:b737f357af3436f2a80410eda5194eb29e8660ce
    pristine_git_object: c0b53f10a9e5109d2dce74485408bd567720b245
  src/mcp-server/tools/actions-cancel-action.ts:
    id: 610ad4c77b22
    last_write_checksum: sha1:588d73a702cf5ba681260f78a43ab7586259408c
    pristine_git_object: 2e7350a2f96ce91d48c8bf571a81eeb6c6bac15f
  src/mcp-server/tools/actions-check-action-status.ts:
    id: ead42aa9a06c
    last_write_checksum: sha1:53436c7f16be146d60ca611be015edc57c995a97
    pristine_git_object: ff07115887ed00ebd6a424d126b0aab5356bbcea
  src/mcp-server/tools/actions-propose-action.ts:
    id: c5d269d64254
    last_write_checksum: sha1:225e88292964443d0f8ffb79846bb9920123aacc
    pristine_git_object: 3ddfecd868c45dd87fe6c5d40a45a0c090ee5363
  src/models/error-response.ts:
    id: 0a1828112515
    last_write_checksum: sha1:72cdc25ac00fca97e3428338650ea7862e3031f1
    pristine_git_object: d5179a18c738b552eaa79bcd308c43d8d51bd551
  src/models/errors/bot-shield-default-error.ts:
    id: f714aa55d563
    last_write_checksum: sha1:d2ee458727e1b0ceb435cb4b34c79b540639e76c
    pristine_git_object: b389db31697db9f568460fcec7a82bff320a53c4
  src/models/errors/bot-shield-error.ts:
    id: d7f9b46d74f1
    last_write_checksum: sha1:8ee3a267022373e41c3072e8e6cd14d930bda123
    pristine_git_object: 241b44529c0806b27acb7dd25be2e41fce9c04eb
  src/models/errors/error-response.ts:
    id: 6459edd35024
    last_write_checksum: sha1:5c2420d5d40502692b2a50c1667fe05007e01bf5
    pristine_git_object: 5230f324d0205d9ba516b9e2558e6b8680970bfd
  src/models/errors/http-client-errors.ts:
    id: 08390231aab8
    last_write_checksum: sha1:994ced121c54fecd0af038ccfb7855fbfd3868ec
    pristine_git_object: b34f612124c797c2a1106b9735708f679a90b74f
  src/models/errors/index.ts:
    id: c4e22507cb83
    last_write_checksum: sha1:185b47d43507757d6a38622cf915e401e444bc73
    pristine_git_object: ecb341e16dc0cbb2e4358fca964243fa7a7588ad
  src/models/errors/invalid-input-error.ts:
    id: 43704b4d53d9
    last_write_checksum: sha1:9ddf8be84011bd36ae4e907b655452dae7d44aed
    pristine_git_object: 56da7db81809ce040bad9ef8dcbe094f52749356
  src/models/errors/response-validation-error.ts:
    id: a6ce701a9571
    last_write_checksum: sha1:81efad87d8d7c5d2d5ec97e85a564c1bb1aaa613
    pristine_git_object: 67a5e1e21aabecbe9a7886602fc98237411f3cbe
  src/models/errors/sdk-validation-error.ts:
    id: 9b17e7ef247f
    last_write_checksum: sha1:a69da17627bcc32b820544608f3400423ea53f26
    pristine_git_object: 6826e1208a5d7b7d310535d18909646522bf0fbd
  src/models/index.ts:
    id: f93644b0f37e
    last_write_checksum: sha1:957e9c8738ade259663b692eb856a02128a48deb
    pristine_git_object: 7ae62cf9972cbdaea5d84b439cf8dc077f2a803a
  src/models/invalid-input-error.ts:
    id: 23171148ec6f
    last_write_checksum: sha1:110c3d7350d03e8f49305243c01d44f19ff98033
    pristine_git_object: 9ace152f903ef802362faea026d91a88e425188e
  src/models/operations/actions-cancel.ts:
    id: d519bcce29b2
    last_write_checksum: sha1:53bfd4f728c4e14e480a29ac71c581c492cfd02a
    pristine_git_object: 998449d86c31f91b41bd7fc54798113a7cb3cddf
  src/models/operations/actions-check-status.ts:
    id: 39e60710ba87
    last_write_checksum: sha1:12cac0872c912356d1ee39b411ec5dbf741c3947
    pristine_git_object: 278e0ba833377a00a193d4be639b98477b9ec152
  src/models/operations/actions-propose.ts:
    id: 2d3a7ad5f257
    last_write_checksum: sha1:79bfb13fc17ca3e93889db6ea76517024f83bcb9
    pristine_git_object: 144605f197d1c8eeb15abd2786dc1b3ad5367b76
  src/models/operations/index.ts:
    id: 0d9ffaf774d2
    last_write_checksum: sha1:bd8b87f94cbc4cda134144f43bef81f26e8f5369
    pristine_git_object: cfedfd28c044a79ef1aa2aa3e080a6b802f8ffec
  src/models/operations/sdk-create-session.ts:
    id: 49bde857d1a1
    last_write_checksum: sha1:9515582cf8847e6aeed2f2b40511c2a5e9366f6c
    pristine_git_object: de232a871e3ab3c358c63eacba067fedd96f3779
  src/models/operations/sdk-create-verification-link.ts:
    id: 6bdc1ce9c42e
    last_write_checksum: sha1:1859834fc795af2beb716ec881461cb1a2c17929
    pristine_git_object: eea55ccb9ae467b102e51baed1b7cbe513e81f2b
  src/models/operations/sdk-get-partner-config.ts:
    id: c0e4fd103d1a
    last_write_checksum: sha1:1da835cc6f6c1d5c84678d8ccd010cbc3c76e609
    pristine_git_object: 172dae453e824e5f2763ab52d418064899054866
  src/models/operations/sdk-logout.ts:
    id: 973a281f47ad
    last_write_checksum: sha1:8f8e03cc66dbe35d7d6c90a9f8b23542b55dafc5
    pristine_git_object: 12c4599702be65d644fdcfb42a53b3eed02c5140
  src/models/operations/sdk-revoke-verification.ts:
    id: 4cc2dfb866e4
    last_write_checksum: sha1:860ceb209adbc840bc0a043374284f5c41355879
    pristine_git_object: 0c28cb4d950ff61f406f5219db2b3655e8ca274f
  src/models/operations/sdk-store-signal.ts:
    id: 1c36b69b31b6
    last_write_checksum: sha1:0da08e53cf8962dd7d12237e8e4d145db7eba393
    pristine_git_object: 5636cea269ec35dfc5a9ac3c5e61d2985c7859bb
  src/models/operations/sdk-validate-signal.ts:
    id: 088665bd3745
    last_write_checksum: sha1:d36c874a8c4b5edcc62be23f1de05d6f32071ecc
    pristine_git_object: f57bf319b4b16b53dec7ec3634023ed44b525a62
  src/models/operations/sdk-verify-token.ts:
    id: ed589224d8b5
    last_write_checksum: sha1:f824f520de0c3b4812e5362f3ec36b241aa29ce8
    pristine_git_object: 1132e4e4f9caf13f28ada3acc37ea81e1def2841
  src/models/operations/verification-get-status.ts:
    id: bf68012044db
    last_write_checksum: sha1:a89c1f2241acd773c26eb420e4016774a59bfe2a
    pristine_git_object: 84d0235000d1af99e76e0b46470650eb889f6d04
  src/models/operations/verification-lookup-user-by-email.ts:
    id: ff4d6d92f2f2
    last_write_checksum: sha1:b1337a5879f3a858ebfa95e2b308544d2cd96f35
    pristine_git_object: 7cef2d3faa82e3b41a996ec3cae30658fbb37bab
  src/models/security.ts:
    id: d90c6c784ca5
    last_write_checksum: sha1:d09a94843c6e8dd77e1f8d96f21158504036bf35
    pristine_git_object: bc8a5635553e650973368ba902f2458b21a3527b
  src/sdk/actions.ts:
    id: 8282e00fbe23
    last_write_checksum: sha1:9877424a6977ef7300086dda4da83f1524841591
    pristine_git_object: 15abe1bc745b94154689cd606dd23bad84b34681
  src/sdk/index.ts:
    id: a857902a703f
    last_write_checksum: sha1:ed6d64f2a6135349aa8498b8d8cff9ba85c7fb8f
    pristine_git_object: ecac2264817bb369ff2dbf0f0e9029807e67ff77
  src/sdk/sdk.ts:
    id: 784571af2f69
    last_write_checksum: sha1:2d900b0e8a8b9763230396305666a4419885af60
    pristine_git_object: 53d6c834a3878ff024f2b6355bc79fcd52134400
  src/sdk/verification.ts:
    id: 414a84063545
    last_write_checksum: sha1:c027f4f8bc43f7c11a19a100263e49a649134c33
    pristine_git_object: 69126dadd41f58dd294af5a77bf911806ca04ead
  src/types/async.ts:
    id: fac8da972f86
    last_write_checksum: sha1:675d04bb4b4081dc3482f18de98674f9b446e7b4
    pristine_git_object: 1543b95cf7be9b5a871d7395f259dbd65331dc21
  src/types/blobs.ts:
    id: f8ab9b326c86
    last_write_checksum: sha1:cf45d78916671cb6345a11c97c633c64402bc27c
    pristine_git_object: cce2892d4f573a120ef3907db90ab15f5979cfda
  src/types/const-date-time.ts:
    id: b3487d7170f2
    last_write_checksum: sha1:dfaaf9adfaf49808bd4c9dea0039f21b7088d9c0
    pristine_git_object: fe62144eaf6a2054fc8ca9a98466e70f41b5434d
  src/types/default-to-zero-value.ts:
    id: 6e0f763ae8c8
    last_write_checksum: sha1:2820c0bc8e71d475e79cc6b6947ca18d93f6310c
    pristine_git_object: c4cad53db08687649a55c711c4f4b3a29f7b7d24
  src/types/enums.ts:
    id: 4d03ddfe5100
    last_write_checksum: sha1:ee590453d2c87e33e89c633d37ee46907eca0e58
    pristine_git_object: aba0ffd2a3308a31e516d83b52823d80aa65a8f9
  src/types/fp.ts:
    id: ae9f0fb8aab6
    last_write_checksum: sha1:d24994d58f37a1ca106847fcc6d2e976c6f1c093
    pristine_git_object: ccbe51eac69dfb0da5131f14fd753c4b47c1d527
  src/types/index.ts:
    id: cd7a0a5ed005
    last_write_checksum: sha1:a591fec0ad2231615101ebb6a95cc4d043733a6c
    pristine_git_object: d75cb43bf5811991f96203650c264af2b4c78b41
  src/types/operations.ts:
    id: 314da01dca47
    last_write_checksum: sha1:c49e724cfb1259296381cb57bc0fcdd2eae45865
    pristine_git_object: beb81e10f0b9eee2ed398a853fe6f737b743f818
  src/types/primitives.ts:
    id: 0cd7f4ac625d
    last_write_checksum: sha1:9f374d6217aa2c2e7706d8b64f40334f2bd54f5b
    pristine_git_object: aee7713f25e24901eba4782a3b3cbbe480468efc
  src/types/rfcdate.ts:
    id: 9eb64906dcd6
    last_write_checksum: sha1:8e5f382e02fe21c2f2e24deb1b7bbf8cddd3dd16
    pristine_git_object: c79b3f53a3dd922aa2ace5a4191c8652cf9a8e89
  src/types/smart-union.ts:
    id: 2e3af2ad4ea7
    last_write_checksum: sha1:46a9ed4f1a5850e894569da8e13bf566dec3cb0b
    pristine_git_object: ef6529d45b2073dc355bb119e3b5be3110c6849c
  src/types/streams.ts:
    id: f99be9c4bf14
    last_write_checksum: sha1:cc9ced2dd34a76c3a1bd7784ccda1cc3b37ab9a9
    pristine_git_object: a0163e7a99cea88f21d0ad4ce3af1c720180ee20
  src/types/unrecognized.ts:
    id: 476605c40716
    last_write_checksum: sha1:d33ac686528492f4cdc0dbf81ed343b4afe020fe
    pristine_git_object: b7a2a13f3dff50663429df24ae2f55b647ff1084
  tsconfig.json:
    id: 61ebb9fd6e8c
    last_write_checksum: sha1:79dc1550d921fefec69f8632ed3b24dad41ca2f6
    pristine_git_object: 76110f883cac40bb04fb2f376cd69ea8c8d6d215
examples:
  SdkCreateSession:
    speakeasy-default-SDK-create-session:
      requestBody:
        application/json: {}
      responses:
        "200":
          application/json: {"data": {"anchor_grant_token": "<value>", "anchor_grant_expires_at": "2025-05-08T10:10:53.669Z", "anchor_grant_expires_in_seconds": 691227, "session_token": "<value>", "expires_at": "2026-07-26T15:48:30.288Z", "expires_in_seconds": 52635, "organization": {"id": "<id>", "environment": "<value>"}}}
        "400":
          application/json: {"message": "Invalid input provided", "input": {"key": "<value>", "key1": "<value>"}, "errors": []}
        "401":
          application/json: {"error": {"message": "<value>", "statusCode": 608879}}
        "500":
          application/json: {"error": {"message": "<value>", "statusCode": 608879}}
  SdkCreateVerificationLink:
    speakeasy-default-SDK-create-verification-link:
      requestBody:
        application/json: {"mode": "linked-account"}
      responses:
        "200":
          application/json: {"data": {"request_id": "<id>", "deep_link": "<value>", "web_url": "https://narrow-deployment.info/", "qr_code_url": "https://immense-switch.org/", "expires_at": "2026-07-18T00:53:33.017Z"}}
        "400":
          application/json: {"message": "Invalid input provided", "input": {"key": "<value>", "key1": "<value>"}, "errors": [{"propertyPath": "<value>", "invalidValue": "<value>", "message": "<value>"}]}
        "401":
          application/json: {"error": {"message": "<value>", "statusCode": 483550}}
        "500":
          application/json: {"error": {"message": "<value>", "statusCode": 483550}}
  SdkVerifyToken:
    speakeasy-default-SDK-verify-token:
      requestBody:
        application/json: {"token": "<value>"}
      responses:
        "200":
          application/json: {}
  SdkStoreSignal:
    speakeasy-default-SDK-store-signal:
      requestBody:
        application/json: {"site_key": "<value>", "score": 229498}
      responses:
        "200":
          application/json: {}
        "400":
          application/json: {"message": "Invalid input provided", "input": {"key": "<value>", "key1": "<value>", "key2": "<value>"}, "errors": [{"propertyPath": "<value>", "invalidValue": "<value>", "message": "<value>"}]}
        "500":
          application/json: {"error": {"message": "<value>", "statusCode": 78104}}
  SdkValidateSignal:
    speakeasy-default-SDK-validate-signal:
      requestBody:
        application/json: {"signal_token": "<value>"}
      responses:
        "200":
          application/json: {}
        "400":
          application/json: {"message": "Invalid input provided", "input": {"key": "<value>", "key1": "<value>", "key2": "<value>"}, "errors": [{"propertyPath": "<value>", "invalidValue": "<value>", "message": "<value>"}]}
        "500":
          application/json: {"error": {"message": "<value>", "statusCode": 927353}}
  SdkGetPartnerConfig:
    speakeasy-default-SDK-get-partner-config:
      parameters:
        query:
          site_key: "<value>"
      responses:
        "200":
          application/json: {}
  SdkRevokeVerification:
    speakeasy-default-SDK-revoke-verification:
      requestBody:
        application/json: {"scope": "<value>"}
      responses:
        "200":
          application/json: {"data": {}}
        "400":
          application/json: {"message": "Invalid input provided", "input": {}, "errors": []}
        "401":
          application/json: {"error": {"message": "<value>", "statusCode": 55880}}
        "500":
          application/json: {"error": {"message": "<value>", "statusCode": 55880}}
  SdkLogout:
    speakeasy-default-SDK-logout:
      requestBody:
        application/json: {"session_token": "<value>"}
      responses:
        "200":
          application/json: {}
        "400":
          application/json: {"message": "Invalid input provided", "input": {"key": "<value>", "key1": "<value>"}, "errors": []}
        "401":
          application/json: {"error": {"message": "<value>", "statusCode": 315915}}
        "500":
          application/json: {"error": {"message": "<value>", "statusCode": 315915}}
  VerificationLookupUserByEmail:
    speakeasy-default-verification-lookup-user-by-email:
      parameters:
        query:
          email: "Modesto.Bartoletti@hotmail.com"
      responses:
        "200":
          application/json: {"data": {}}
        "400":
          application/json: {"message": "Invalid input provided", "input": {}, "errors": []}
        "500":
          application/json: {"error": {"message": "<value>", "statusCode": 595166}}
  VerificationGetStatus:
    speakeasy-default-verification-get-status:
      parameters:
        query:
          request_id: "<id>"
      responses:
        "200":
          application/json: {}
        "400":
          application/json: {"message": "Invalid input provided", "input": {"key": "<value>", "key1": "<value>", "key2": "<value>"}, "errors": [{"propertyPath": "<value>", "invalidValue": "<value>", "message": "<value>"}]}
        "500":
          application/json: {"error": {"message": "<value>", "statusCode": 185970}}
  ActionsPropose:
    speakeasy-default-actions-propose:
      requestBody:
        application/json: {"request_id": "362873d8-19a4-46e6-b883-916c05dd0283", "user_email": "Corine63@hotmail.com", "action": {"summary_title": "<value>", "summary_detail": {"label": "TOTAL", "value": "$100.90"}, "category": "travel.book"}, "ttl_seconds": 600}
      responses:
        "200":
          application/json: {"data": {"status": "queued", "card_id": "e29b0e76-c4f0-48a5-9b31-9c9d039eb712", "ttl_at": "2024-10-24T20:02:35.957Z"}}
  ActionsCheckStatus:
    speakeasy-default-actions-check-status:
      parameters:
        query:
          request_id: "c70e5773-b2a4-4308-9fd3-dc42bdecfa67"
      responses:
        "200":
          application/json: {"data": {"status": "expired"}}
  ActionsCancel:
    speakeasy-default-actions-cancel:
      requestBody:
        application/json: {"request_id": "12d74077-1e08-42a1-952e-3b34360158b0"}
      responses:
        "200":
          application/json: {"data": {}}
examplesVersion: 1.0.2
releaseNotes: |
  ## Typescript SDK Changes:
  * `botshield.sdk.verifyToken()`:  `request.security` **Changed**
  * `botshield.sdk.getPartnerConfig()`:  `request.security` **Changed**
  * `botshield.verification.lookupUserByEmail()`:  `request.security` **Changed**
  * `botshield.verification.getStatus()`:  `request.security` **Changed**
