speakeasyVersion: 1.796.3
sources:
    botshield-oas:
        sourceNamespace: botshield-oas
        sourceRevisionDigest: sha256:64dfe6e6a40f73b1281ad18f83814ac46e843351c7554d05652719ac89d458f0
        sourceBlobDigest: sha256:d127b5383d77ee20cc38e0e41a2e68f4df05477abe02d21462e77cd5aeaba509
        tags:
            - latest
            - 2.0.0
targets:
    botshield-sdk-ts:
        source: botshield-oas
        sourceNamespace: botshield-oas
        sourceRevisionDigest: sha256:64dfe6e6a40f73b1281ad18f83814ac46e843351c7554d05652719ac89d458f0
        sourceBlobDigest: sha256:d127b5383d77ee20cc38e0e41a2e68f4df05477abe02d21462e77cd5aeaba509
        codeSamplesNamespace: botshield-oas-typescript-code-samples
        codeSamplesRevisionDigest: sha256:b97e8b46c533eec6fff4bb0ec2a25c98fdbc4a0187528a93a3a000344214a4ab
workflow:
    workflowVersion: 1.0.0
    speakeasyVersion: 1.796.3
    sources:
        botshield-oas:
            inputs:
                - location: registry.speakeasyapi.dev/botshield/sdk/botshield-oas
            overlays:
                - location: ./.speakeasy/overlays/botshield-surface.yaml
            registry:
                location: registry.speakeasyapi.dev/botshield/sdk/botshield-oas
    targets:
        botshield-sdk-ts:
            target: typescript
            source: botshield-oas
            publish:
                npm:
                    token: $NPM_TOKEN
            codeSamples:
                registry:
                    location: registry.speakeasyapi.dev/botshield/sdk/botshield-oas-typescript-code-samples
                labelOverride:
                    fixedValue: Typescript (SDK)
                blocking: false
