speakeasyVersion: 1.790.2
sources:
    botshield-oas:
        sourceNamespace: botshield-oas
        sourceRevisionDigest: sha256:7a5fd13ea9ced415b962b276f7e8eb7ab79a7caf1174014015039854f9a7a470
        sourceBlobDigest: sha256:26daa8fdc11e4de8334f5955ceb87359e6d38e59b37d12e0deff6229bd5ebd6a
        tags:
            - latest
            - 2.0.0
targets:
    botshield-sdk-ts:
        source: botshield-oas
        sourceNamespace: botshield-oas
        sourceRevisionDigest: sha256:7a5fd13ea9ced415b962b276f7e8eb7ab79a7caf1174014015039854f9a7a470
        sourceBlobDigest: sha256:26daa8fdc11e4de8334f5955ceb87359e6d38e59b37d12e0deff6229bd5ebd6a
        codeSamplesNamespace: botshield-oas-typescript-code-samples
        codeSamplesRevisionDigest: sha256:fc13cca0264929fcee6f60737a4ba8084505041f3992fd994cd25daae05c6592
workflow:
    workflowVersion: 1.0.0
    speakeasyVersion: latest
    sources:
        botshield-oas:
            inputs:
                - location: registry.speakeasyapi.dev/botshield/sdk/botshield-oas
            overlays:
                - location: ./.speakeasy/overlays/botshield-surface.yaml
            registry:
                location: registry.speakeasyapi.dev/botshield/sdk/botshield-oas
    targets:
        botshield-sdk-ts:
            target: typescript
            source: botshield-oas
            publish:
                npm:
                    token: $NPM_TOKEN
            codeSamples:
                registry:
                    location: registry.speakeasyapi.dev/botshield/sdk/botshield-oas-typescript-code-samples
                labelOverride:
                    fixedValue: Typescript (SDK)
                blocking: false
