speakeasyVersion: 1.794.0
sources:
    botshield-oas:
        sourceNamespace: botshield-oas
        sourceRevisionDigest: sha256:96a2b31e12c89299f61de0e721712ebee4482db0268ac8d5612b09ee0d7d4230
        sourceBlobDigest: sha256:7f30b36afa6a0eae39bb00279d06ab76c6a23d588823cbc3d116e8f461efe42c
        tags:
            - latest
            - 2.0.0
targets:
    botshield-sdk-ts:
        source: botshield-oas
        sourceNamespace: botshield-oas
        sourceRevisionDigest: sha256:96a2b31e12c89299f61de0e721712ebee4482db0268ac8d5612b09ee0d7d4230
        sourceBlobDigest: sha256:7f30b36afa6a0eae39bb00279d06ab76c6a23d588823cbc3d116e8f461efe42c
        codeSamplesNamespace: botshield-oas-typescript-code-samples
        codeSamplesRevisionDigest: sha256:fc13cca0264929fcee6f60737a4ba8084505041f3992fd994cd25daae05c6592
workflow:
    workflowVersion: 1.0.0
    speakeasyVersion: latest
    sources:
        botshield-oas:
            inputs:
                - location: registry.speakeasyapi.dev/botshield/sdk/botshield-oas
            overlays:
                - location: ./.speakeasy/overlays/botshield-surface.yaml
            registry:
                location: registry.speakeasyapi.dev/botshield/sdk/botshield-oas
    targets:
        botshield-sdk-ts:
            target: typescript
            source: botshield-oas
            publish:
                npm:
                    token: $NPM_TOKEN
            codeSamples:
                registry:
                    location: registry.speakeasyapi.dev/botshield/sdk/botshield-oas-typescript-code-samples
                labelOverride:
                    fixedValue: Typescript (SDK)
                blocking: false
